// !$*UTF8*$!
{
	archiveVersion = 1;
	classes = {
	};
	objectVersion = 55;
	objects = {

/* Begin PBXBuildFile section */
		2B1B32C12A6132FD00DA573F /* FileManager++.swift in Sources */ = {isa = PBXBuildFile; fileRef = 2B1B32C02A6132FD00DA573F /* FileManager++.swift */; };
		2B1B32C42A61358B00DA573F /* Alamofire in Frameworks */ = {isa = PBXBuildFile; productRef = 2B1B32C32A61358B00DA573F /* Alamofire */; };
		2B1B32C72A6135D300DA573F /* DownloadProjectView.swift in Sources */ = {isa = PBXBuildFile; fileRef = 2B1B32C62A6135D300DA573F /* DownloadProjectView.swift */; };
		2B1B32CA2A614FF900DA573F /* ZipArchive in Frameworks */ = {isa = PBXBuildFile; productRef = 2B1B32C92A614FF900DA573F /* ZipArchive */; };
		2B1B32CD2A615BB800DA573F /* SettingsView.swift in Sources */ = {isa = PBXBuildFile; fileRef = 2B1B32CC2A615BB800DA573F /* SettingsView.swift */; };
		2B1B32CF2A61633000DA573F /* FilePickerView.swift in Sources */ = {isa = PBXBuildFile; fileRef = 2B1B32CE2A61633000DA573F /* FilePickerView.swift */; };
		2B1B32D12A6163A100DA573F /* ImportProjectFromFileView.swift in Sources */ = {isa = PBXBuildFile; fileRef = 2B1B32D02A6163A100DA573F /* ImportProjectFromFileView.swift */; };
		2B1B32D42A61783400DA573F /* Defaults in Frameworks */ = {isa = PBXBuildFile; productRef = 2B1B32D32A61783400DA573F /* Defaults */; };
		2B1B32D72A61784600DA573F /* Defaults.swift in Sources */ = {isa = PBXBuildFile; fileRef = 2B1B32D62A61784600DA573F /* Defaults.swift */; };
		2B415A112A7E8FA900B3BF94 /* MiniPageViewController.swift in Sources */ = {isa = PBXBuildFile; fileRef = 2B415A102A7E8FA900B3BF94 /* MiniPageViewController.swift */; };
		2B6D0E4A2A6223B4005BFEB9 /* PanModal in Frameworks */ = {isa = PBXBuildFile; productRef = 2B6D0E492A6223B4005BFEB9 /* PanModal */; };
		2B6D0E4C2A623D93005BFEB9 /* ImagePreviewViewController.swift in Sources */ = {isa = PBXBuildFile; fileRef = 2B6D0E4B2A623D93005BFEB9 /* ImagePreviewViewController.swift */; };
		2B6D0E4E2A624382005BFEB9 /* UIView++.swift in Sources */ = {isa = PBXBuildFile; fileRef = 2B6D0E4D2A624382005BFEB9 /* UIView++.swift */; };
		2B8DC8BA2A5FAC4B002D5288 /* VSCodeDarkTheme.swift in Sources */ = {isa = PBXBuildFile; fileRef = 2B8DC8B92A5FAC4B002D5288 /* VSCodeDarkTheme.swift */; };
		2B8F0B922A597C1E00D9359F /* PKHUD in Frameworks */ = {isa = PBXBuildFile; productRef = 2B8F0B912A597C1E00D9359F /* PKHUD */; };
		2B8F0B952A597C4800D9359F /* Color++.swift in Sources */ = {isa = PBXBuildFile; fileRef = 2B8F0B942A597C4800D9359F /* Color++.swift */; };
		2B9003C32A81FEB400ED360D /* LazyView.swift in Sources */ = {isa = PBXBuildFile; fileRef = 2B9003C22A81FEB400ED360D /* LazyView.swift */; };
		2B9B579A2A56399B002E9D57 /* utils.swift in Sources */ = {isa = PBXBuildFile; fileRef = 2B9B57992A56399B002E9D57 /* utils.swift */; };
		2B9CF4122A5A55A100BD2C7F /* EditorView.swift in Sources */ = {isa = PBXBuildFile; fileRef = 2B9CF4112A5A55A100BD2C7F /* EditorView.swift */; };
		2B9CF4242A5A6A6100BD2C7F /* FileBrowserView.swift in Sources */ = {isa = PBXBuildFile; fileRef = 2B9CF4232A5A6A6100BD2C7F /* FileBrowserView.swift */; };
		2B9DC1C22A5E8E400061FAB8 /* TreeSitterCSS in Frameworks */ = {isa = PBXBuildFile; productRef = 2B9DC1C12A5E8E400061FAB8 /* TreeSitterCSS */; };
		2B9DC1C42A5E8E400061FAB8 /* TreeSitterCSSQueries in Frameworks */ = {isa = PBXBuildFile; productRef = 2B9DC1C32A5E8E400061FAB8 /* TreeSitterCSSQueries */; };
		2B9DC1C62A5E8E400061FAB8 /* TreeSitterCSSRunestone in Frameworks */ = {isa = PBXBuildFile; productRef = 2B9DC1C52A5E8E400061FAB8 /* TreeSitterCSSRunestone */; };
		2B9DC1C82A5E8E400061FAB8 /* TreeSitterComment in Frameworks */ = {isa = PBXBuildFile; productRef = 2B9DC1C72A5E8E400061FAB8 /* TreeSitterComment */; };
		2B9DC1CA2A5E8E400061FAB8 /* TreeSitterCommentQueries in Frameworks */ = {isa = PBXBuildFile; productRef = 2B9DC1C92A5E8E400061FAB8 /* TreeSitterCommentQueries */; };
		2B9DC1CC2A5E8E400061FAB8 /* TreeSitterCommentRunestone in Frameworks */ = {isa = PBXBuildFile; productRef = 2B9DC1CB2A5E8E400061FAB8 /* TreeSitterCommentRunestone */; };
		2B9DC1CE2A5E8E400061FAB8 /* TreeSitterHTML in Frameworks */ = {isa = PBXBuildFile; productRef = 2B9DC1CD2A5E8E400061FAB8 /* TreeSitterHTML */; };
		2B9DC1D02A5E8E400061FAB8 /* TreeSitterHTMLQueries in Frameworks */ = {isa = PBXBuildFile; productRef = 2B9DC1CF2A5E8E400061FAB8 /* TreeSitterHTMLQueries */; };
		2B9DC1D22A5E8E400061FAB8 /* TreeSitterHTMLRunestone in Frameworks */ = {isa = PBXBuildFile; productRef = 2B9DC1D12A5E8E400061FAB8 /* TreeSitterHTMLRunestone */; };
		2B9DC1D42A5E8E400061FAB8 /* TreeSitterJSON in Frameworks */ = {isa = PBXBuildFile; productRef = 2B9DC1D32A5E8E400061FAB8 /* TreeSitterJSON */; };
		2B9DC1D62A5E8E400061FAB8 /* TreeSitterJSONQueries in Frameworks */ = {isa = PBXBuildFile; productRef = 2B9DC1D52A5E8E400061FAB8 /* TreeSitterJSONQueries */; };
		2B9DC1D82A5E8E400061FAB8 /* TreeSitterJSONRunestone in Frameworks */ = {isa = PBXBuildFile; productRef = 2B9DC1D72A5E8E400061FAB8 /* TreeSitterJSONRunestone */; };
		2B9DC1DA2A5E8E400061FAB8 /* TreeSitterJavaScript in Frameworks */ = {isa = PBXBuildFile; productRef = 2B9DC1D92A5E8E400061FAB8 /* TreeSitterJavaScript */; };
		2B9DC1DC2A5E8E400061FAB8 /* TreeSitterJavaScriptQueries in Frameworks */ = {isa = PBXBuildFile; productRef = 2B9DC1DB2A5E8E400061FAB8 /* TreeSitterJavaScriptQueries */; };
		2B9DC1DE2A5E8E400061FAB8 /* TreeSitterJavaScriptRunestone in Frameworks */ = {isa = PBXBuildFile; productRef = 2B9DC1DD2A5E8E400061FAB8 /* TreeSitterJavaScriptRunestone */; };
		2B9DC1E02A5E8E400061FAB8 /* TreeSitterLanguagesCommon in Frameworks */ = {isa = PBXBuildFile; productRef = 2B9DC1DF2A5E8E400061FAB8 /* TreeSitterLanguagesCommon */; };
		2B9DC1E22A5E8E400061FAB8 /* TreeSitterMarkdown in Frameworks */ = {isa = PBXBuildFile; productRef = 2B9DC1E12A5E8E400061FAB8 /* TreeSitterMarkdown */; };
		2B9DC1E42A5E8E400061FAB8 /* TreeSitterMarkdownQueries in Frameworks */ = {isa = PBXBuildFile; productRef = 2B9DC1E32A5E8E400061FAB8 /* TreeSitterMarkdownQueries */; };
		2B9DC1E62A5E8E400061FAB8 /* TreeSitterMarkdownRunestone in Frameworks */ = {isa = PBXBuildFile; productRef = 2B9DC1E52A5E8E400061FAB8 /* TreeSitterMarkdownRunestone */; };
		2B9DC1E82A5E8E400061FAB8 /* TreeSitterPython in Frameworks */ = {isa = PBXBuildFile; productRef = 2B9DC1E72A5E8E400061FAB8 /* TreeSitterPython */; };
		2B9DC1EA2A5E8E400061FAB8 /* TreeSitterPythonQueries in Frameworks */ = {isa = PBXBuildFile; productRef = 2B9DC1E92A5E8E400061FAB8 /* TreeSitterPythonQueries */; };
		2B9DC1EC2A5E8E400061FAB8 /* TreeSitterPythonRunestone in Frameworks */ = {isa = PBXBuildFile; productRef = 2B9DC1EB2A5E8E400061FAB8 /* TreeSitterPythonRunestone */; };
		2B9DC1EE2A5E8E400061FAB8 /* TreeSitterSCSS in Frameworks */ = {isa = PBXBuildFile; productRef = 2B9DC1ED2A5E8E400061FAB8 /* TreeSitterSCSS */; };
		2B9DC1F02A5E8E400061FAB8 /* TreeSitterSCSSQueries in Frameworks */ = {isa = PBXBuildFile; productRef = 2B9DC1EF2A5E8E400061FAB8 /* TreeSitterSCSSQueries */; };
		2B9DC1F22A5E8E400061FAB8 /* TreeSitterSCSSRunestone in Frameworks */ = {isa = PBXBuildFile; productRef = 2B9DC1F12A5E8E400061FAB8 /* TreeSitterSCSSRunestone */; };
		2B9DC1F42A5E8E400061FAB8 /* TreeSitterTSX in Frameworks */ = {isa = PBXBuildFile; productRef = 2B9DC1F32A5E8E400061FAB8 /* TreeSitterTSX */; };
		2B9DC1F62A5E8E400061FAB8 /* TreeSitterTSXQueries in Frameworks */ = {isa = PBXBuildFile; productRef = 2B9DC1F52A5E8E400061FAB8 /* TreeSitterTSXQueries */; };
		2B9DC1F82A5E8E400061FAB8 /* TreeSitterTSXRunestone in Frameworks */ = {isa = PBXBuildFile; productRef = 2B9DC1F72A5E8E400061FAB8 /* TreeSitterTSXRunestone */; };
		2B9DC1FA2A5E8E400061FAB8 /* TreeSitterTypeScript in Frameworks */ = {isa = PBXBuildFile; productRef = 2B9DC1F92A5E8E400061FAB8 /* TreeSitterTypeScript */; };
		2B9DC1FC2A5E8E400061FAB8 /* TreeSitterTypeScriptQueries in Frameworks */ = {isa = PBXBuildFile; productRef = 2B9DC1FB2A5E8E400061FAB8 /* TreeSitterTypeScriptQueries */; };
		2B9DC1FE2A5E8E400061FAB8 /* TreeSitterTypeScriptRunestone in Frameworks */ = {isa = PBXBuildFile; productRef = 2B9DC1FD2A5E8E400061FAB8 /* TreeSitterTypeScriptRunestone */; };
		2B9DC2002A5E8E400061FAB8 /* TreeSitterYAML in Frameworks */ = {isa = PBXBuildFile; productRef = 2B9DC1FF2A5E8E400061FAB8 /* TreeSitterYAML */; };
		2B9DC2022A5E8E400061FAB8 /* TreeSitterYAMLQueries in Frameworks */ = {isa = PBXBuildFile; productRef = 2B9DC2012A5E8E400061FAB8 /* TreeSitterYAMLQueries */; };
		2B9DC2042A5E8E400061FAB8 /* TreeSitterYAMLRunestone in Frameworks */ = {isa = PBXBuildFile; productRef = 2B9DC2032A5E8E400061FAB8 /* TreeSitterYAMLRunestone */; };
		2BC331B42A62D47700441447 /* SwiftLMDB in Frameworks */ = {isa = PBXBuildFile; productRef = 2BC331B32A62D47700441447 /* SwiftLMDB */; };
		2BC331B62A62D48C00441447 /* LMDB.swift in Sources */ = {isa = PBXBuildFile; fileRef = 2BC331B52A62D48C00441447 /* LMDB.swift */; };
		2BD9B1AA2A5BD4D300036AFD /* Runestone in Frameworks */ = {isa = PBXBuildFile; productRef = 2BD9B1A92A5BD4D300036AFD /* Runestone */; };
		2BD9B1AC2A5BD4E600036AFD /* CodeEditorV2.swift in Sources */ = {isa = PBXBuildFile; fileRef = 2BD9B1AB2A5BD4E600036AFD /* CodeEditorV2.swift */; };
		2BD9B1D62A5C09C700036AFD /* KeyboardToolbar in Frameworks */ = {isa = PBXBuildFile; productRef = 2BD9B1D52A5C09C700036AFD /* KeyboardToolbar */; };
		2BD9B1D92A5C426700036AFD /* EditorTheme.swift in Sources */ = {isa = PBXBuildFile; fileRef = 2BD9B1D82A5C426700036AFD /* EditorTheme.swift */; };
		2BD9B1DB2A5C428700036AFD /* HighlightName.swift in Sources */ = {isa = PBXBuildFile; fileRef = 2BD9B1DA2A5C428700036AFD /* HighlightName.swift */; };
		2BEEA861288FACA5006095DC /* WKWebViewJavascriptBridge in Frameworks */ = {isa = PBXBuildFile; productRef = 2BEEA860288FACA5006095DC /* WKWebViewJavascriptBridge */; };
		4800EA092CF1C93300F49842 /* FlyingFox in Frameworks */ = {isa = PBXBuildFile; productRef = 4800EA082CF1C93300F49842 /* FlyingFox */; };
		4800EA0B2CF1C93300F49842 /* FlyingSocks in Frameworks */ = {isa = PBXBuildFile; productRef = 4800EA0A2CF1C93300F49842 /* FlyingSocks */; };
		48248BC22AF1F4D0001097CC /* MWebView.swift in Sources */ = {isa = PBXBuildFile; fileRef = 48248BC12AF1F4D0001097CC /* MWebView.swift */; };
		48248BC42AF1F6C1001097CC /* MWebViewPool.swift in Sources */ = {isa = PBXBuildFile; fileRef = 48248BC32AF1F6C1001097CC /* MWebViewPool.swift */; };
		482BEEEB2AC291D1007F11A9 /* MiniAppManager.swift in Sources */ = {isa = PBXBuildFile; fileRef = 482BEEEA2AC291D1007F11A9 /* MiniAppManager.swift */; };
		482F03BE2D4C528E00D6CA6B /* PannableNavigationViewController.swift in Sources */ = {isa = PBXBuildFile; fileRef = 482F03BD2D4C528E00D6CA6B /* PannableNavigationViewController.swift */; };
		483794B12B973D0D0073A001 /* ZLPhotoBrowser in Frameworks */ = {isa = PBXBuildFile; productRef = 483794B02B973D0D0073A001 /* ZLPhotoBrowser */; };
		483E061F2D08227500140F13 /* SQLite.swift in Sources */ = {isa = PBXBuildFile; fileRef = 483E061E2D08227500140F13 /* SQLite.swift */; };
		484E082F2B96D6850018DCF0 /* Api.swift in Sources */ = {isa = PBXBuildFile; fileRef = 484E082E2B96D6850018DCF0 /* Api.swift */; };
		484E08312B96D6DD0018DCF0 /* AppDetailViewController.swift in Sources */ = {isa = PBXBuildFile; fileRef = 484E08302B96D6DD0018DCF0 /* AppDetailViewController.swift */; };
		485A75222BDCA43F00D887A4 /* logger.swift in Sources */ = {isa = PBXBuildFile; fileRef = 485A75212BDCA43F00D887A4 /* logger.swift */; };
		486819192D0C943200F4089D /* ApiUtils.swift in Sources */ = {isa = PBXBuildFile; fileRef = 486819182D0C943200F4089D /* ApiUtils.swift */; };
		4869E8082D0D345600E2B080 /* MinipNativeInteraction.swift in Sources */ = {isa = PBXBuildFile; fileRef = 4869E8072D0D345600E2B080 /* MinipNativeInteraction.swift */; };
		4870C3EB2D0D6EDE00F562E8 /* MinipApiV3.swift in Sources */ = {isa = PBXBuildFile; fileRef = 4870C3EA2D0D6EDE00F562E8 /* MinipApiV3.swift */; };
		487E38932A8FBA48003464D7 /* Kingfisher in Frameworks */ = {isa = PBXBuildFile; productRef = 487E38922A8FBA48003464D7 /* Kingfisher */; };
		487E38972A8FBD29003464D7 /* Int++.swift in Sources */ = {isa = PBXBuildFile; fileRef = 487E38962A8FBD29003464D7 /* Int++.swift */; };
		488C2F392D4DECDE00892E3A /* HomeViewController.swift in Sources */ = {isa = PBXBuildFile; fileRef = 488C2F382D4DECD200892E3A /* HomeViewController.swift */; };
		488C2F3B2D4DED9700892E3A /* AppCell.swift in Sources */ = {isa = PBXBuildFile; fileRef = 488C2F3A2D4DED9200892E3A /* AppCell.swift */; };
		488C2F3E2D4E1BDC00892E3A /* AppInfo.swift in Sources */ = {isa = PBXBuildFile; fileRef = 488C2F3D2D4E1BD900892E3A /* AppInfo.swift */; };
		488C2F402D4E287A00892E3A /* ErrorMsg.swift in Sources */ = {isa = PBXBuildFile; fileRef = 488C2F3F2D4E287700892E3A /* ErrorMsg.swift */; };
		488DDFF52ABEEAEE00BAB280 /* AppDelegate.swift in Sources */ = {isa = PBXBuildFile; fileRef = 488DDFF42ABEEAEE00BAB280 /* AppDelegate.swift */; };
		488DDFF72ABEF81400BAB280 /* String++.swift in Sources */ = {isa = PBXBuildFile; fileRef = 488DDFF62ABEF81400BAB280 /* String++.swift */; };
		48947C422BE2963E00EE9F82 /* MinipRequest.swift in Sources */ = {isa = PBXBuildFile; fileRef = 48947C412BE2963E00EE9F82 /* MinipRequest.swift */; };
		48C385AD2A978520006BEE35 /* Polyfill.swift in Sources */ = {isa = PBXBuildFile; fileRef = 48C385AC2A978520006BEE35 /* Polyfill.swift */; };
		48D399872D06E88400BDD99F /* DownloadAndInstallMiniApp.swift in Sources */ = {isa = PBXBuildFile; fileRef = 48D399862D06E88400BDD99F /* DownloadAndInstallMiniApp.swift */; };
		48DF6BA1288D32CA00D523C1 /* Assets.xcassets in Resources */ = {isa = PBXBuildFile; fileRef = 48DF6BA0288D32CA00D523C1 /* Assets.xcassets */; };
		48DF6BA4288D32CA00D523C1 /* Preview Assets.xcassets in Resources */ = {isa = PBXBuildFile; fileRef = 48DF6BA3288D32CA00D523C1 /* Preview Assets.xcassets */; };
		48E39B592D4D126400C4A3CD /* TabViewFIx.swift in Sources */ = {isa = PBXBuildFile; fileRef = 48E39B582D4D125D00C4A3CD /* TabViewFIx.swift */; };
		48FB5A052B95CD9400D2DFCC /* UIViewController++.swift in Sources */ = {isa = PBXBuildFile; fileRef = 48FB5A042B95CD9400D2DFCC /* UIViewController++.swift */; };
/* End PBXBuildFile section */

/* Begin PBXFileReference section */
		2B1B32C02A6132FD00DA573F /* FileManager++.swift */ = {isa = PBXFileReference; lastKnownFileType = sourcecode.swift; path = "FileManager++.swift"; sourceTree = "<group>"; };
		2B1B32C62A6135D300DA573F /* DownloadProjectView.swift */ = {isa = PBXFileReference; lastKnownFileType = sourcecode.swift; path = DownloadProjectView.swift; sourceTree = "<group>"; };
		2B1B32CC2A615BB800DA573F /* SettingsView.swift */ = {isa = PBXFileReference; lastKnownFileType = sourcecode.swift; path = SettingsView.swift; sourceTree = "<group>"; };
		2B1B32CE2A61633000DA573F /* FilePickerView.swift */ = {isa = PBXFileReference; lastKnownFileType = sourcecode.swift; path = FilePickerView.swift; sourceTree = "<group>"; };
		2B1B32D02A6163A100DA573F /* ImportProjectFromFileView.swift */ = {isa = PBXFileReference; lastKnownFileType = sourcecode.swift; path = ImportProjectFromFileView.swift; sourceTree = "<group>"; };
		2B1B32D62A61784600DA573F /* Defaults.swift */ = {isa = PBXFileReference; lastKnownFileType = sourcecode.swift; path = Defaults.swift; sourceTree = "<group>"; };
		2B415A102A7E8FA900B3BF94 /* MiniPageViewController.swift */ = {isa = PBXFileReference; lastKnownFileType = sourcecode.swift; path = MiniPageViewController.swift; sourceTree = "<group>"; };
		2B6D0E4B2A623D93005BFEB9 /* ImagePreviewViewController.swift */ = {isa = PBXFileReference; lastKnownFileType = sourcecode.swift; path = ImagePreviewViewController.swift; sourceTree = "<group>"; };
		2B6D0E4D2A624382005BFEB9 /* UIView++.swift */ = {isa = PBXFileReference; lastKnownFileType = sourcecode.swift; path = "UIView++.swift"; sourceTree = "<group>"; };
		2B8DC8B92A5FAC4B002D5288 /* VSCodeDarkTheme.swift */ = {isa = PBXFileReference; lastKnownFileType = sourcecode.swift; path = VSCodeDarkTheme.swift; sourceTree = "<group>"; };
		2B8F0B942A597C4800D9359F /* Color++.swift */ = {isa = PBXFileReference; lastKnownFileType = sourcecode.swift; path = "Color++.swift"; sourceTree = "<group>"; };
		2B9003C22A81FEB400ED360D /* LazyView.swift */ = {isa = PBXFileReference; lastKnownFileType = sourcecode.swift; path = LazyView.swift; sourceTree = "<group>"; };
		2B9B57992A56399B002E9D57 /* utils.swift */ = {isa = PBXFileReference; lastKnownFileType = sourcecode.swift; path = utils.swift; sourceTree = "<group>"; };
		2B9B579E2A57D5B5002E9D57 /* Info.plist */ = {isa = PBXFileReference; lastKnownFileType = text.plist.xml; path = Info.plist; sourceTree = "<group>"; };
		2B9CF4112A5A55A100BD2C7F /* EditorView.swift */ = {isa = PBXFileReference; lastKnownFileType = sourcecode.swift; path = EditorView.swift; sourceTree = "<group>"; };
		2B9CF4232A5A6A6100BD2C7F /* FileBrowserView.swift */ = {isa = PBXFileReference; lastKnownFileType = sourcecode.swift; path = FileBrowserView.swift; sourceTree = "<group>"; };
		2BC331B52A62D48C00441447 /* LMDB.swift */ = {isa = PBXFileReference; lastKnownFileType = sourcecode.swift; path = LMDB.swift; sourceTree = "<group>"; };
		2BD9B1AB2A5BD4E600036AFD /* CodeEditorV2.swift */ = {isa = PBXFileReference; lastKnownFileType = sourcecode.swift; path = CodeEditorV2.swift; sourceTree = "<group>"; };
		2BD9B1D82A5C426700036AFD /* EditorTheme.swift */ = {isa = PBXFileReference; lastKnownFileType = sourcecode.swift; path = EditorTheme.swift; sourceTree = "<group>"; };
		2BD9B1DA2A5C428700036AFD /* HighlightName.swift */ = {isa = PBXFileReference; lastKnownFileType = sourcecode.swift; path = HighlightName.swift; sourceTree = "<group>"; };
		48248BC12AF1F4D0001097CC /* MWebView.swift */ = {isa = PBXFileReference; lastKnownFileType = sourcecode.swift; path = MWebView.swift; sourceTree = "<group>"; };
		48248BC32AF1F6C1001097CC /* MWebViewPool.swift */ = {isa = PBXFileReference; lastKnownFileType = sourcecode.swift; path = MWebViewPool.swift; sourceTree = "<group>"; };
		482BEEEA2AC291D1007F11A9 /* MiniAppManager.swift */ = {isa = PBXFileReference; lastKnownFileType = sourcecode.swift; path = MiniAppManager.swift; sourceTree = "<group>"; };
		482F03BD2D4C528E00D6CA6B /* PannableNavigationViewController.swift */ = {isa = PBXFileReference; lastKnownFileType = sourcecode.swift; path = PannableNavigationViewController.swift; sourceTree = "<group>"; };
		483E061E2D08227500140F13 /* SQLite.swift */ = {isa = PBXFileReference; lastKnownFileType = sourcecode.swift; path = SQLite.swift; sourceTree = "<group>"; };
		484E082E2B96D6850018DCF0 /* Api.swift */ = {isa = PBXFileReference; lastKnownFileType = sourcecode.swift; path = Api.swift; sourceTree = "<group>"; };
		484E08302B96D6DD0018DCF0 /* AppDetailViewController.swift */ = {isa = PBXFileReference; lastKnownFileType = sourcecode.swift; path = AppDetailViewController.swift; sourceTree = "<group>"; };
		485A75212BDCA43F00D887A4 /* logger.swift */ = {isa = PBXFileReference; lastKnownFileType = sourcecode.swift; path = logger.swift; sourceTree = "<group>"; };
		486819182D0C943200F4089D /* ApiUtils.swift */ = {isa = PBXFileReference; lastKnownFileType = sourcecode.swift; path = ApiUtils.swift; sourceTree = "<group>"; };
		4869E8072D0D345600E2B080 /* MinipNativeInteraction.swift */ = {isa = PBXFileReference; lastKnownFileType = sourcecode.swift; path = MinipNativeInteraction.swift; sourceTree = "<group>"; };
		4870C3EA2D0D6EDE00F562E8 /* MinipApiV3.swift */ = {isa = PBXFileReference; lastKnownFileType = sourcecode.swift; path = MinipApiV3.swift; sourceTree = "<group>"; };
		487E38962A8FBD29003464D7 /* Int++.swift */ = {isa = PBXFileReference; lastKnownFileType = sourcecode.swift; path = "Int++.swift"; sourceTree = "<group>"; };
		488C2F382D4DECD200892E3A /* HomeViewController.swift */ = {isa = PBXFileReference; lastKnownFileType = sourcecode.swift; path = HomeViewController.swift; sourceTree = "<group>"; };
		488C2F3A2D4DED9200892E3A /* AppCell.swift */ = {isa = PBXFileReference; lastKnownFileType = sourcecode.swift; path = AppCell.swift; sourceTree = "<group>"; };
		488C2F3D2D4E1BD900892E3A /* AppInfo.swift */ = {isa = PBXFileReference; lastKnownFileType = sourcecode.swift; path = AppInfo.swift; sourceTree = "<group>"; };
		488C2F3F2D4E287700892E3A /* ErrorMsg.swift */ = {isa = PBXFileReference; lastKnownFileType = sourcecode.swift; path = ErrorMsg.swift; sourceTree = "<group>"; };
		488DDFF42ABEEAEE00BAB280 /* AppDelegate.swift */ = {isa = PBXFileReference; lastKnownFileType = sourcecode.swift; path = AppDelegate.swift; sourceTree = "<group>"; };
		488DDFF62ABEF81400BAB280 /* String++.swift */ = {isa = PBXFileReference; lastKnownFileType = sourcecode.swift; path = "String++.swift"; sourceTree = "<group>"; };
		48947C412BE2963E00EE9F82 /* MinipRequest.swift */ = {isa = PBXFileReference; lastKnownFileType = sourcecode.swift; path = MinipRequest.swift; sourceTree = "<group>"; };
		48C385AC2A978520006BEE35 /* Polyfill.swift */ = {isa = PBXFileReference; lastKnownFileType = sourcecode.swift; path = Polyfill.swift; sourceTree = "<group>"; };
		48D399862D06E88400BDD99F /* DownloadAndInstallMiniApp.swift */ = {isa = PBXFileReference; lastKnownFileType = sourcecode.swift; path = DownloadAndInstallMiniApp.swift; sourceTree = "<group>"; };
		48DF6B99288D32C800D523C1 /* minip.app */ = {isa = PBXFileReference; explicitFileType = wrapper.application; includeInIndex = 0; path = minip.app; sourceTree = BUILT_PRODUCTS_DIR; };
		48DF6BA0288D32CA00D523C1 /* Assets.xcassets */ = {isa = PBXFileReference; lastKnownFileType = folder.assetcatalog; path = Assets.xcassets; sourceTree = "<group>"; };
		48DF6BA3288D32CA00D523C1 /* Preview Assets.xcassets */ = {isa = PBXFileReference; lastKnownFileType = folder.assetcatalog; path = "Preview Assets.xcassets"; sourceTree = "<group>"; };
		48E39B582D4D125D00C4A3CD /* TabViewFIx.swift */ = {isa = PBXFileReference; lastKnownFileType = sourcecode.swift; path = TabViewFIx.swift; sourceTree = "<group>"; };
		48FB5A042B95CD9400D2DFCC /* UIViewController++.swift */ = {isa = PBXFileReference; lastKnownFileType = sourcecode.swift; path = "UIViewController++.swift"; sourceTree = "<group>"; };
/* End PBXFileReference section */

/* Begin PBXFrameworksBuildPhase section */
		48DF6B96288D32C800D523C1 /* Frameworks */ = {
			isa = PBXFrameworksBuildPhase;
			buildActionMask = 2147483647;
			files = (
				2B9DC1E22A5E8E400061FAB8 /* TreeSitterMarkdown in Frameworks */,
				2B9DC1D22A5E8E400061FAB8 /* TreeSitterHTMLRunestone in Frameworks */,
				2B6D0E4A2A6223B4005BFEB9 /* PanModal in Frameworks */,
				483794B12B973D0D0073A001 /* ZLPhotoBrowser in Frameworks */,
				2B9DC1FC2A5E8E400061FAB8 /* TreeSitterTypeScriptQueries in Frameworks */,
				2B9DC1F02A5E8E400061FAB8 /* TreeSitterSCSSQueries in Frameworks */,
				2B9DC1E02A5E8E400061FAB8 /* TreeSitterLanguagesCommon in Frameworks */,
				4800EA0B2CF1C93300F49842 /* FlyingSocks in Frameworks */,
				2B9DC1EA2A5E8E400061FAB8 /* TreeSitterPythonQueries in Frameworks */,
				2B9DC1E62A5E8E400061FAB8 /* TreeSitterMarkdownRunestone in Frameworks */,
				487E38932A8FBA48003464D7 /* Kingfisher in Frameworks */,
				2B1B32C42A61358B00DA573F /* Alamofire in Frameworks */,
				2B9DC1D42A5E8E400061FAB8 /* TreeSitterJSON in Frameworks */,
				2B9DC1D02A5E8E400061FAB8 /* TreeSitterHTMLQueries in Frameworks */,
				2B8F0B922A597C1E00D9359F /* PKHUD in Frameworks */,
				2BC331B42A62D47700441447 /* SwiftLMDB in Frameworks */,
				2B9DC2042A5E8E400061FAB8 /* TreeSitterYAMLRunestone in Frameworks */,
				2BD9B1AA2A5BD4D300036AFD /* Runestone in Frameworks */,
				2B9DC1FA2A5E8E400061FAB8 /* TreeSitterTypeScript in Frameworks */,
				2BEEA861288FACA5006095DC /* WKWebViewJavascriptBridge in Frameworks */,
				4800EA092CF1C93300F49842 /* FlyingFox in Frameworks */,
				2B9DC1F42A5E8E400061FAB8 /* TreeSitterTSX in Frameworks */,
				2B9DC1D62A5E8E400061FAB8 /* TreeSitterJSONQueries in Frameworks */,
				2B9DC1F62A5E8E400061FAB8 /* TreeSitterTSXQueries in Frameworks */,
				2B9DC1CA2A5E8E400061FAB8 /* TreeSitterCommentQueries in Frameworks */,
				2B9DC1D82A5E8E400061FAB8 /* TreeSitterJSONRunestone in Frameworks */,
				2B9DC1F22A5E8E400061FAB8 /* TreeSitterSCSSRunestone in Frameworks */,
				2B9DC2002A5E8E400061FAB8 /* TreeSitterYAML in Frameworks */,
				2B9DC1C42A5E8E400061FAB8 /* TreeSitterCSSQueries in Frameworks */,
				2B9DC1CC2A5E8E400061FAB8 /* TreeSitterCommentRunestone in Frameworks */,
				2B9DC1DA2A5E8E400061FAB8 /* TreeSitterJavaScript in Frameworks */,
				2B9DC1C82A5E8E400061FAB8 /* TreeSitterComment in Frameworks */,
				2B9DC1FE2A5E8E400061FAB8 /* TreeSitterTypeScriptRunestone in Frameworks */,
				2B9DC1E82A5E8E400061FAB8 /* TreeSitterPython in Frameworks */,
				2B1B32CA2A614FF900DA573F /* ZipArchive in Frameworks */,
				2B9DC2022A5E8E400061FAB8 /* TreeSitterYAMLQueries in Frameworks */,
				2B9DC1EE2A5E8E400061FAB8 /* TreeSitterSCSS in Frameworks */,
				2B9DC1DC2A5E8E400061FAB8 /* TreeSitterJavaScriptQueries in Frameworks */,
				2B9DC1DE2A5E8E400061FAB8 /* TreeSitterJavaScriptRunestone in Frameworks */,
				2B9DC1EC2A5E8E400061FAB8 /* TreeSitterPythonRunestone in Frameworks */,
				2B9DC1C62A5E8E400061FAB8 /* TreeSitterCSSRunestone in Frameworks */,
				2B1B32D42A61783400DA573F /* Defaults in Frameworks */,
				2BD9B1D62A5C09C700036AFD /* KeyboardToolbar in Frameworks */,
				2B9DC1CE2A5E8E400061FAB8 /* TreeSitterHTML in Frameworks */,
				2B9DC1F82A5E8E400061FAB8 /* TreeSitterTSXRunestone in Frameworks */,
				2B9DC1E42A5E8E400061FAB8 /* TreeSitterMarkdownQueries in Frameworks */,
				2B9DC1C22A5E8E400061FAB8 /* TreeSitterCSS in Frameworks */,
			);
			runOnlyForDeploymentPostprocessing = 0;
		};
/* End PBXFrameworksBuildPhase section */

/* Begin PBXGroup section */
		2B1B32C52A61359E00DA573F /* CreateOrImportProject */ = {
			isa = PBXGroup;
			children = (
				2B1B32C62A6135D300DA573F /* DownloadProjectView.swift */,
				2B1B32CE2A61633000DA573F /* FilePickerView.swift */,
				2B1B32D02A6163A100DA573F /* ImportProjectFromFileView.swift */,
			);
			path = CreateOrImportProject;
			sourceTree = "<group>";
		};
		2B1B32CB2A615BAB00DA573F /* Settings */ = {
			isa = PBXGroup;
			children = (
				2B1B32CC2A615BB800DA573F /* SettingsView.swift */,
			);
			path = Settings;
			sourceTree = "<group>";
		};
		2B1B32D52A61783800DA573F /* DataStore */ = {
			isa = PBXGroup;
			children = (
				2B1B32D62A61784600DA573F /* Defaults.swift */,
				2BC331B52A62D48C00441447 /* LMDB.swift */,
			);
			path = DataStore;
			sourceTree = "<group>";
		};
		2B8F0B932A597C3700D9359F /* Extension */ = {
			isa = PBXGroup;
			children = (
				2B8F0B942A597C4800D9359F /* Color++.swift */,
				2B1B32C02A6132FD00DA573F /* FileManager++.swift */,
				2B6D0E4D2A624382005BFEB9 /* UIView++.swift */,
				487E38962A8FBD29003464D7 /* Int++.swift */,
				48C385AC2A978520006BEE35 /* Polyfill.swift */,
				488DDFF62ABEF81400BAB280 /* String++.swift */,
				48FB5A042B95CD9400D2DFCC /* UIViewController++.swift */,
			);
			path = Extension;
			sourceTree = "<group>";
		};
		2B9003C12A81FE9B00ED360D /* Components */ = {
			isa = PBXGroup;
			children = (
				2B9003C22A81FEB400ED360D /* LazyView.swift */,
				48E39B582D4D125D00C4A3CD /* TabViewFIx.swift */,
				482F03BD2D4C528E00D6CA6B /* PannableNavigationViewController.swift */,
			);
			path = Components;
			sourceTree = "<group>";
		};
		2B96D62D2A5E37AA00E8483F /* Frameworks */ = {
			isa = PBXGroup;
			children = (
			);
			name = Frameworks;
			sourceTree = "<group>";
		};
		2B9B57982A563986002E9D57 /* utils */ = {
			isa = PBXGroup;
			children = (
				2B9B57992A56399B002E9D57 /* utils.swift */,
				2B6D0E4B2A623D93005BFEB9 /* ImagePreviewViewController.swift */,
				485A75212BDCA43F00D887A4 /* logger.swift */,
				48D399862D06E88400BDD99F /* DownloadAndInstallMiniApp.swift */,
				483E061E2D08227500140F13 /* SQLite.swift */,
			);
			path = utils;
			sourceTree = "<group>";
		};
		2B9CF4102A5A558D00BD2C7F /* Editor */ = {
			isa = PBXGroup;
			children = (
				2BD9B1D72A5C424F00036AFD /* Themes */,
				2B9CF4112A5A55A100BD2C7F /* EditorView.swift */,
				2BD9B1AB2A5BD4E600036AFD /* CodeEditorV2.swift */,
			);
			path = Editor;
			sourceTree = "<group>";
		};
		2B9CF4222A5A6A2700BD2C7F /* FileBrowser */ = {
			isa = PBXGroup;
			children = (
				2B9CF4102A5A558D00BD2C7F /* Editor */,
				2B9CF4232A5A6A6100BD2C7F /* FileBrowserView.swift */,
			);
			path = FileBrowser;
			sourceTree = "<group>";
		};
		2BB920172A52FEB800D4BE3C /* Views */ = {
			isa = PBXGroup;
			children = (
				2B9003C12A81FE9B00ED360D /* Components */,
				2B1B32CB2A615BAB00DA573F /* Settings */,
				2B9CF4222A5A6A2700BD2C7F /* FileBrowser */,
				2BB9201D2A530ACF00D4BE3C /* MiniPage */,
				2BB920182A52FEC200D4BE3C /* Home */,
			);
			path = Views;
			sourceTree = "<group>";
		};
		2BB920182A52FEC200D4BE3C /* Home */ = {
			isa = PBXGroup;
			children = (
				2B1B32C52A61359E00DA573F /* CreateOrImportProject */,
				488C2F382D4DECD200892E3A /* HomeViewController.swift */,
				488C2F3A2D4DED9200892E3A /* AppCell.swift */,
			);
			path = Home;
			sourceTree = "<group>";
		};
		2BB9201D2A530ACF00D4BE3C /* MiniPage */ = {
			isa = PBXGroup;
			children = (
				2B415A102A7E8FA900B3BF94 /* MiniPageViewController.swift */,
				484E082E2B96D6850018DCF0 /* Api.swift */,
				484E08302B96D6DD0018DCF0 /* AppDetailViewController.swift */,
				486819182D0C943200F4089D /* ApiUtils.swift */,
			);
			path = MiniPage;
			sourceTree = "<group>";
		};
		2BD9B1D72A5C424F00036AFD /* Themes */ = {
			isa = PBXGroup;
			children = (
				2BD9B1DC2A5C42A000036AFD /* Common */,
				2B8DC8B92A5FAC4B002D5288 /* VSCodeDarkTheme.swift */,
			);
			path = Themes;
			sourceTree = "<group>";
		};
		2BD9B1DC2A5C42A000036AFD /* Common */ = {
			isa = PBXGroup;
			children = (
				2BD9B1D82A5C426700036AFD /* EditorTheme.swift */,
				2BD9B1DA2A5C428700036AFD /* HighlightName.swift */,
			);
			path = Common;
			sourceTree = "<group>";
		};
		48248BC02AF1F4B2001097CC /* MWebView */ = {
			isa = PBXGroup;
			children = (
				48248BC12AF1F4D0001097CC /* MWebView.swift */,
				48248BC32AF1F6C1001097CC /* MWebViewPool.swift */,
				48947C412BE2963E00EE9F82 /* MinipRequest.swift */,
				4869E8072D0D345600E2B080 /* MinipNativeInteraction.swift */,
				4870C3EA2D0D6EDE00F562E8 /* MinipApiV3.swift */,
			);
			path = MWebView;
			sourceTree = "<group>";
		};
		488C2F3C2D4E1BC600892E3A /* Models */ = {
			isa = PBXGroup;
			children = (
				488C2F3F2D4E287700892E3A /* ErrorMsg.swift */,
				488C2F3D2D4E1BD900892E3A /* AppInfo.swift */,
			);
			path = Models;
			sourceTree = "<group>";
		};
		48DF6B90288D32C800D523C1 = {
			isa = PBXGroup;
			children = (
				48DF6B9B288D32C800D523C1 /* minip */,
				48DF6B9A288D32C800D523C1 /* Products */,
				2B96D62D2A5E37AA00E8483F /* Frameworks */,
			);
			sourceTree = "<group>";
		};
		48DF6B9A288D32C800D523C1 /* Products */ = {
			isa = PBXGroup;
			children = (
				48DF6B99288D32C800D523C1 /* minip.app */,
			);
			name = Products;
			sourceTree = "<group>";
		};
		48DF6B9B288D32C800D523C1 /* minip */ = {
			isa = PBXGroup;
			children = (
				48248BC02AF1F4B2001097CC /* MWebView */,
				2B1B32D52A61783800DA573F /* DataStore */,
				2B8F0B932A597C3700D9359F /* Extension */,
				2B9B57982A563986002E9D57 /* utils */,
				488C2F3C2D4E1BC600892E3A /* Models */,
				2BB920172A52FEB800D4BE3C /* Views */,
				488DDFF42ABEEAEE00BAB280 /* AppDelegate.swift */,
				482BEEEA2AC291D1007F11A9 /* MiniAppManager.swift */,
				48DF6BA0288D32CA00D523C1 /* Assets.xcassets */,
				2B9B579E2A57D5B5002E9D57 /* Info.plist */,
				48DF6BA2288D32CA00D523C1 /* Preview Content */,
			);
			path = minip;
			sourceTree = "<group>";
		};
		48DF6BA2288D32CA00D523C1 /* Preview Content */ = {
			isa = PBXGroup;
			children = (
				48DF6BA3288D32CA00D523C1 /* Preview Assets.xcassets */,
			);
			path = "Preview Content";
			sourceTree = "<group>";
		};
/* End PBXGroup section */

/* Begin PBXNativeTarget section */
		48DF6B98288D32C800D523C1 /* minip */ = {
			isa = PBXNativeTarget;
			buildConfigurationList = 48DF6BA7288D32CA00D523C1 /* Build configuration list for PBXNativeTarget "minip" */;
			buildPhases = (
				48DF6B95288D32C800D523C1 /* Sources */,
				48DF6B96288D32C800D523C1 /* Frameworks */,
				48DF6B97288D32C800D523C1 /* Resources */,
			);
			buildRules = (
			);
			dependencies = (
			);
			name = minip;
			packageProductDependencies = (
				2BEEA860288FACA5006095DC /* WKWebViewJavascriptBridge */,
				2B8F0B912A597C1E00D9359F /* PKHUD */,
				2BD9B1A92A5BD4D300036AFD /* Runestone */,
				2BD9B1D52A5C09C700036AFD /* KeyboardToolbar */,
				2B9DC1C12A5E8E400061FAB8 /* TreeSitterCSS */,
				2B9DC1C32A5E8E400061FAB8 /* TreeSitterCSSQueries */,
				2B9DC1C52A5E8E400061FAB8 /* TreeSitterCSSRunestone */,
				2B9DC1C72A5E8E400061FAB8 /* TreeSitterComment */,
				2B9DC1C92A5E8E400061FAB8 /* TreeSitterCommentQueries */,
				2B9DC1CB2A5E8E400061FAB8 /* TreeSitterCommentRunestone */,
				2B9DC1CD2A5E8E400061FAB8 /* TreeSitterHTML */,
				2B9DC1CF2A5E8E400061FAB8 /* TreeSitterHTMLQueries */,
				2B9DC1D12A5E8E400061FAB8 /* TreeSitterHTMLRunestone */,
				2B9DC1D32A5E8E400061FAB8 /* TreeSitterJSON */,
				2B9DC1D52A5E8E400061FAB8 /* TreeSitterJSONQueries */,
				2B9DC1D72A5E8E400061FAB8 /* TreeSitterJSONRunestone */,
				2B9DC1D92A5E8E400061FAB8 /* TreeSitterJavaScript */,
				2B9DC1DB2A5E8E400061FAB8 /* TreeSitterJavaScriptQueries */,
				2B9DC1DD2A5E8E400061FAB8 /* TreeSitterJavaScriptRunestone */,
				2B9DC1DF2A5E8E400061FAB8 /* TreeSitterLanguagesCommon */,
				2B9DC1E12A5E8E400061FAB8 /* TreeSitterMarkdown */,
				2B9DC1E32A5E8E400061FAB8 /* TreeSitterMarkdownQueries */,
				2B9DC1E52A5E8E400061FAB8 /* TreeSitterMarkdownRunestone */,
				2B9DC1E72A5E8E400061FAB8 /* TreeSitterPython */,
				2B9DC1E92A5E8E400061FAB8 /* TreeSitterPythonQueries */,
				2B9DC1EB2A5E8E400061FAB8 /* TreeSitterPythonRunestone */,
				2B9DC1ED2A5E8E400061FAB8 /* TreeSitterSCSS */,
				2B9DC1EF2A5E8E400061FAB8 /* TreeSitterSCSSQueries */,
				2B9DC1F12A5E8E400061FAB8 /* TreeSitterSCSSRunestone */,
				2B9DC1F32A5E8E400061FAB8 /* TreeSitterTSX */,
				2B9DC1F52A5E8E400061FAB8 /* TreeSitterTSXQueries */,
				2B9DC1F72A5E8E400061FAB8 /* TreeSitterTSXRunestone */,
				2B9DC1F92A5E8E400061FAB8 /* TreeSitterTypeScript */,
				2B9DC1FB2A5E8E400061FAB8 /* TreeSitterTypeScriptQueries */,
				2B9DC1FD2A5E8E400061FAB8 /* TreeSitterTypeScriptRunestone */,
				2B9DC1FF2A5E8E400061FAB8 /* TreeSitterYAML */,
				2B9DC2012A5E8E400061FAB8 /* TreeSitterYAMLQueries */,
				2B9DC2032A5E8E400061FAB8 /* TreeSitterYAMLRunestone */,
				2B1B32C32A61358B00DA573F /* Alamofire */,
				2B1B32C92A614FF900DA573F /* ZipArchive */,
				2B1B32D32A61783400DA573F /* Defaults */,
				2B6D0E492A6223B4005BFEB9 /* PanModal */,
				2BC331B32A62D47700441447 /* SwiftLMDB */,
				487E38922A8FBA48003464D7 /* Kingfisher */,
				483794B02B973D0D0073A001 /* ZLPhotoBrowser */,
				4800EA082CF1C93300F49842 /* FlyingFox */,
				4800EA0A2CF1C93300F49842 /* FlyingSocks */,
			);
			productName = minip;
			productReference = 48DF6B99288D32C800D523C1 /* minip.app */;
			productType = "com.apple.product-type.application";
		};
/* End PBXNativeTarget section */

/* Begin PBXProject section */
		48DF6B91288D32C800D523C1 /* Project object */ = {
			isa = PBXProject;
			attributes = {
				BuildIndependentTargetsInParallel = 1;
				LastSwiftUpdateCheck = 1310;
				LastUpgradeCheck = 1310;
				TargetAttributes = {
					48DF6B98288D32C800D523C1 = {
						CreatedOnToolsVersion = 13.1;
						LastSwiftMigration = 1430;
					};
				};
			};
			buildConfigurationList = 48DF6B94288D32C800D523C1 /* Build configuration list for PBXProject "minip" */;
			compatibilityVersion = "Xcode 13.0";
			developmentRegion = en;
			hasScannedForEncodings = 0;
			knownRegions = (
				en,
				Base,
			);
			mainGroup = 48DF6B90288D32C800D523C1;
			packageReferences = (
				2BEEA85F288FACA5006095DC /* XCRemoteSwiftPackageReference "WKWebViewJavascriptBridge" */,
				2B8F0B902A597C1E00D9359F /* XCRemoteSwiftPackageReference "PKHUD" */,
				2BD9B1A82A5BD4D300036AFD /* XCRemoteSwiftPackageReference "Runestone" */,
				2BD9B1D42A5C09C700036AFD /* XCRemoteSwiftPackageReference "KeyboardToolbar" */,
				2B9DC1C02A5E8E400061FAB8 /* XCRemoteSwiftPackageReference "treesitterlanguages" */,
				2B1B32C22A61358B00DA573F /* XCRemoteSwiftPackageReference "Alamofire" */,
				2B1B32C82A614FF900DA573F /* XCRemoteSwiftPackageReference "ZipArchive" */,
				2B1B32D22A61783400DA573F /* XCRemoteSwiftPackageReference "Defaults" */,
				2B6D0E482A6223B4005BFEB9 /* XCRemoteSwiftPackageReference "PanModal" */,
				2BC331B22A62D47700441447 /* XCRemoteSwiftPackageReference "SwiftLMDB" */,
				487E38912A8FBA47003464D7 /* XCRemoteSwiftPackageReference "Kingfisher" */,
				483794AF2B973D0D0073A001 /* XCRemoteSwiftPackageReference "ZLPhotoBrowser" */,
				4800EA072CF1C93300F49842 /* XCRemoteSwiftPackageReference "FlyingFox" */,
			);
			productRefGroup = 48DF6B9A288D32C800D523C1 /* Products */;
			projectDirPath = "";
			projectRoot = "";
			targets = (
				48DF6B98288D32C800D523C1 /* minip */,
			);
		};
/* End PBXProject section */

/* Begin PBXResourcesBuildPhase section */
		48DF6B97288D32C800D523C1 /* Resources */ = {
			isa = PBXResourcesBuildPhase;
			buildActionMask = 2147483647;
			files = (
				48DF6BA4288D32CA00D523C1 /* Preview Assets.xcassets in Resources */,
				48DF6BA1288D32CA00D523C1 /* Assets.xcassets in Resources */,
			);
			runOnlyForDeploymentPostprocessing = 0;
		};
/* End PBXResourcesBuildPhase section */

/* Begin PBXSourcesBuildPhase section */
		48DF6B95288D32C800D523C1 /* Sources */ = {
			isa = PBXSourcesBuildPhase;
			buildActionMask = 2147483647;
			files = (
				2B415A112A7E8FA900B3BF94 /* MiniPageViewController.swift in Sources */,
				2B8DC8BA2A5FAC4B002D5288 /* VSCodeDarkTheme.swift in Sources */,
				483E061F2D08227500140F13 /* SQLite.swift in Sources */,
				488C2F3E2D4E1BDC00892E3A /* AppInfo.swift in Sources */,
				2B1B32CF2A61633000DA573F /* FilePickerView.swift in Sources */,
				488DDFF52ABEEAEE00BAB280 /* AppDelegate.swift in Sources */,
				2BC331B62A62D48C00441447 /* LMDB.swift in Sources */,
				482BEEEB2AC291D1007F11A9 /* MiniAppManager.swift in Sources */,
				2B6D0E4C2A623D93005BFEB9 /* ImagePreviewViewController.swift in Sources */,
				482F03BE2D4C528E00D6CA6B /* PannableNavigationViewController.swift in Sources */,
				2B9CF4242A5A6A6100BD2C7F /* FileBrowserView.swift in Sources */,
				2B1B32C72A6135D300DA573F /* DownloadProjectView.swift in Sources */,
				2B9B579A2A56399B002E9D57 /* utils.swift in Sources */,
				48947C422BE2963E00EE9F82 /* MinipRequest.swift in Sources */,
				2BD9B1AC2A5BD4E600036AFD /* CodeEditorV2.swift in Sources */,
				48FB5A052B95CD9400D2DFCC /* UIViewController++.swift in Sources */,
				48248BC42AF1F6C1001097CC /* MWebViewPool.swift in Sources */,
				48C385AD2A978520006BEE35 /* Polyfill.swift in Sources */,
				48248BC22AF1F4D0001097CC /* MWebView.swift in Sources */,
				487E38972A8FBD29003464D7 /* Int++.swift in Sources */,
				484E08312B96D6DD0018DCF0 /* AppDetailViewController.swift in Sources */,
				2B9003C32A81FEB400ED360D /* LazyView.swift in Sources */,
				2B9CF4122A5A55A100BD2C7F /* EditorView.swift in Sources */,
				2B1B32C12A6132FD00DA573F /* FileManager++.swift in Sources */,
				2B8F0B952A597C4800D9359F /* Color++.swift in Sources */,
				2B6D0E4E2A624382005BFEB9 /* UIView++.swift in Sources */,
				488C2F392D4DECDE00892E3A /* HomeViewController.swift in Sources */,
				2BD9B1D92A5C426700036AFD /* EditorTheme.swift in Sources */,
				48D399872D06E88400BDD99F /* DownloadAndInstallMiniApp.swift in Sources */,
				488C2F3B2D4DED9700892E3A /* AppCell.swift in Sources */,
				488C2F402D4E287A00892E3A /* ErrorMsg.swift in Sources */,
				485A75222BDCA43F00D887A4 /* logger.swift in Sources */,
				4870C3EB2D0D6EDE00F562E8 /* MinipApiV3.swift in Sources */,
				2BD9B1DB2A5C428700036AFD /* HighlightName.swift in Sources */,
				488DDFF72ABEF81400BAB280 /* String++.swift in Sources */,
				2B1B32D12A6163A100DA573F /* ImportProjectFromFileView.swift in Sources */,
				2B1B32D72A61784600DA573F /* Defaults.swift in Sources */,
				486819192D0C943200F4089D /* ApiUtils.swift in Sources */,
				48E39B592D4D126400C4A3CD /* TabViewFIx.swift in Sources */,
				484E082F2B96D6850018DCF0 /* Api.swift in Sources */,
				2B1B32CD2A615BB800DA573F /* SettingsView.swift in Sources */,
				4869E8082D0D345600E2B080 /* MinipNativeInteraction.swift in Sources */,
			);
			runOnlyForDeploymentPostprocessing = 0;
		};
/* End PBXSourcesBuildPhase section */

/* Begin XCBuildConfiguration section */
		48DF6BA5288D32CA00D523C1 /* Debug */ = {
			isa = XCBuildConfiguration;
			buildSettings = {
				ALWAYS_SEARCH_USER_PATHS = NO;
				CLANG_ANALYZER_NONNULL = YES;
				CLANG_ANALYZER_NUMBER_OBJECT_CONVERSION = YES_AGGRESSIVE;
				CLANG_CXX_LANGUAGE_STANDARD = "gnu++17";
				CLANG_CXX_LIBRARY = "libc++";
				CLANG_ENABLE_MODULES = YES;
				CLANG_ENABLE_OBJC_ARC = YES;
				CLANG_ENABLE_OBJC_WEAK = YES;
				CLANG_WARN_BLOCK_CAPTURE_AUTORELEASING = YES;
				CLANG_WARN_BOOL_CONVERSION = YES;
				CLANG_WARN_COMMA = YES;
				CLANG_WARN_CONSTANT_CONVERSION = YES;
				CLANG_WARN_DEPRECATED_OBJC_IMPLEMENTATIONS = YES;
				CLANG_WARN_DIRECT_OBJC_ISA_USAGE = YES_ERROR;
				CLANG_WARN_DOCUMENTATION_COMMENTS = YES;
				CLANG_WARN_EMPTY_BODY = YES;
				CLANG_WARN_ENUM_CONVERSION = YES;
				CLANG_WARN_INFINITE_RECURSION = YES;
				CLANG_WARN_INT_CONVERSION = YES;
				CLANG_WARN_NON_LITERAL_NULL_CONVERSION = YES;
				CLANG_WARN_OBJC_IMPLICIT_RETAIN_SELF = YES;
				CLANG_WARN_OBJC_LITERAL_CONVERSION = YES;
				CLANG_WARN_OBJC_ROOT_CLASS = YES_ERROR;
				CLANG_WARN_QUOTED_INCLUDE_IN_FRAMEWORK_HEADER = YES;
				CLANG_WARN_RANGE_LOOP_ANALYSIS = YES;
				CLANG_WARN_STRICT_PROTOTYPES = YES;
				CLANG_WARN_SUSPICIOUS_MOVE = YES;
				CLANG_WARN_UNGUARDED_AVAILABILITY = YES_AGGRESSIVE;
				CLANG_WARN_UNREACHABLE_CODE = YES;
				CLANG_WARN__DUPLICATE_METHOD_MATCH = YES;
				COPY_PHASE_STRIP = NO;
				DEBUG_INFORMATION_FORMAT = dwarf;
				ENABLE_STRICT_OBJC_MSGSEND = YES;
				ENABLE_TESTABILITY = YES;
				GCC_C_LANGUAGE_STANDARD = gnu11;
				GCC_DYNAMIC_NO_PIC = NO;
				GCC_NO_COMMON_BLOCKS = YES;
				GCC_OPTIMIZATION_LEVEL = 0;
				GCC_PREPROCESSOR_DEFINITIONS = (
					"DEBUG=1",
					"$(inherited)",
				);
				GCC_WARN_64_TO_32_BIT_CONVERSION = YES;
				GCC_WARN_ABOUT_RETURN_TYPE = YES_ERROR;
				GCC_WARN_UNDECLARED_SELECTOR = YES;
				GCC_WARN_UNINITIALIZED_AUTOS = YES_AGGRESSIVE;
				GCC_WARN_UNUSED_FUNCTION = YES;
				GCC_WARN_UNUSED_VARIABLE = YES;
				IPHONEOS_DEPLOYMENT_TARGET = 16.4;
				MTL_ENABLE_DEBUG_INFO = INCLUDE_SOURCE;
				MTL_FAST_MATH = YES;
				ONLY_ACTIVE_ARCH = YES;
				SDKROOT = iphoneos;
				SWIFT_ACTIVE_COMPILATION_CONDITIONS = DEBUG;
				SWIFT_OPTIMIZATION_LEVEL = "-Onone";
			};
			name = Debug;
		};
		48DF6BA6288D32CA00D523C1 /* Release */ = {
			isa = XCBuildConfiguration;
			buildSettings = {
				ALWAYS_SEARCH_USER_PATHS = NO;
				CLANG_ANALYZER_NONNULL = YES;
				CLANG_ANALYZER_NUMBER_OBJECT_CONVERSION = YES_AGGRESSIVE;
				CLANG_CXX_LANGUAGE_STANDARD = "gnu++17";
				CLANG_CXX_LIBRARY = "libc++";
				CLANG_ENABLE_MODULES = YES;
				CLANG_ENABLE_OBJC_ARC = YES;
				CLANG_ENABLE_OBJC_WEAK = YES;
				CLANG_WARN_BLOCK_CAPTURE_AUTORELEASING = YES;
				CLANG_WARN_BOOL_CONVERSION = YES;
				CLANG_WARN_COMMA = YES;
				CLANG_WARN_CONSTANT_CONVERSION = YES;
				CLANG_WARN_DEPRECATED_OBJC_IMPLEMENTATIONS = YES;
				CLANG_WARN_DIRECT_OBJC_ISA_USAGE = YES_ERROR;
				CLANG_WARN_DOCUMENTATION_COMMENTS = YES;
				CLANG_WARN_EMPTY_BODY = YES;
				CLANG_WARN_ENUM_CONVERSION = YES;
				CLANG_WARN_INFINITE_RECURSION = YES;
				CLANG_WARN_INT_CONVERSION = YES;
				CLANG_WARN_NON_LITERAL_NULL_CONVERSION = YES;
				CLANG_WARN_OBJC_IMPLICIT_RETAIN_SELF = YES;
				CLANG_WARN_OBJC_LITERAL_CONVERSION = YES;
				CLANG_WARN_OBJC_ROOT_CLASS = YES_ERROR;
				CLANG_WARN_QUOTED_INCLUDE_IN_FRAMEWORK_HEADER = YES;
				CLANG_WARN_RANGE_LOOP_ANALYSIS = YES;
				CLANG_WARN_STRICT_PROTOTYPES = YES;
				CLANG_WARN_SUSPICIOUS_MOVE = YES;
				CLANG_WARN_UNGUARDED_AVAILABILITY = YES_AGGRESSIVE;
				CLANG_WARN_UNREACHABLE_CODE = YES;
				CLANG_WARN__DUPLICATE_METHOD_MATCH = YES;
				COPY_PHASE_STRIP = NO;
				DEBUG_INFORMATION_FORMAT = "dwarf-with-dsym";
				ENABLE_NS_ASSERTIONS = NO;
				ENABLE_STRICT_OBJC_MSGSEND = YES;
				GCC_C_LANGUAGE_STANDARD = gnu11;
				GCC_NO_COMMON_BLOCKS = YES;
				GCC_WARN_64_TO_32_BIT_CONVERSION = YES;
				GCC_WARN_ABOUT_RETURN_TYPE = YES_ERROR;
				GCC_WARN_UNDECLARED_SELECTOR = YES;
				GCC_WARN_UNINITIALIZED_AUTOS = YES_AGGRESSIVE;
				GCC_WARN_UNUSED_FUNCTION = YES;
				GCC_WARN_UNUSED_VARIABLE = YES;
				IPHONEOS_DEPLOYMENT_TARGET = 16.4;
				MTL_ENABLE_DEBUG_INFO = NO;
				MTL_FAST_MATH = YES;
				SDKROOT = iphoneos;
				SWIFT_COMPILATION_MODE = wholemodule;
				SWIFT_OPTIMIZATION_LEVEL = "-O";
				VALIDATE_PRODUCT = YES;
			};
			name = Release;
		};
		48DF6BA8288D32CA00D523C1 /* Debug */ = {
			isa = XCBuildConfiguration;
			buildSettings = {
				ASSETCATALOG_COMPILER_APPICON_NAME = AppIcon;
				ASSETCATALOG_COMPILER_GLOBAL_ACCENT_COLOR_NAME = AccentColor;
				CLANG_ENABLE_MODULES = YES;
				CODE_SIGN_STYLE = Automatic;
				CURRENT_PROJECT_VERSION = 2023110101;
				DEVELOPMENT_ASSET_PATHS = "\"minip/Preview Content\"";
				DEVELOPMENT_TEAM = 4UWZ7NY5YH;
				ENABLE_PREVIEWS = YES;
				GENERATE_INFOPLIST_FILE = YES;
				INFOPLIST_FILE = minip/Info.plist;
				INFOPLIST_KEY_LSApplicationCategoryType = "";
				INFOPLIST_KEY_UIApplicationSupportsIndirectInputEvents = YES;
				INFOPLIST_KEY_UILaunchScreen_Generation = YES;
				INFOPLIST_KEY_UISupportedInterfaceOrientations_iPad = "UIInterfaceOrientationPortrait UIInterfaceOrientationPortraitUpsideDown UIInterfaceOrientationLandscapeLeft UIInterfaceOrientationLandscapeRight";
				INFOPLIST_KEY_UISupportedInterfaceOrientations_iPhone = "UIInterfaceOrientationPortrait UIInterfaceOrientationLandscapeLeft UIInterfaceOrientationLandscapeRight";
				IPHONEOS_DEPLOYMENT_TARGET = 14.0;
				LD_RUNPATH_SEARCH_PATHS = (
					"$(inherited)",
					"@executable_path/Frameworks",
				);
				MARKETING_VERSION = 0.0.5;
				PRODUCT_BUNDLE_IDENTIFIER = com.lzyable.minip;
				PRODUCT_NAME = "$(TARGET_NAME)";
				SWIFT_EMIT_LOC_STRINGS = YES;
				SWIFT_OBJC_BRIDGING_HEADER = "";
				SWIFT_OPTIMIZATION_LEVEL = "-Onone";
				SWIFT_VERSION = 5.0;
				TARGETED_DEVICE_FAMILY = "1,2";
			};
			name = Debug;
		};
		48DF6BA9288D32CA00D523C1 /* Release */ = {
			isa = XCBuildConfiguration;
			buildSettings = {
				ASSETCATALOG_COMPILER_APPICON_NAME = AppIcon;
				ASSETCATALOG_COMPILER_GLOBAL_ACCENT_COLOR_NAME = AccentColor;
				CLANG_ENABLE_MODULES = YES;
				CODE_SIGN_STYLE = Automatic;
				CURRENT_PROJECT_VERSION = 2023110101;
				DEVELOPMENT_ASSET_PATHS = "\"minip/Preview Content\"";
				DEVELOPMENT_TEAM = 4UWZ7NY5YH;
				ENABLE_PREVIEWS = YES;
				GENERATE_INFOPLIST_FILE = YES;
				INFOPLIST_FILE = minip/Info.plist;
				INFOPLIST_KEY_LSApplicationCategoryType = "";
				INFOPLIST_KEY_UIApplicationSupportsIndirectInputEvents = YES;
				INFOPLIST_KEY_UILaunchScreen_Generation = YES;
				INFOPLIST_KEY_UISupportedInterfaceOrientations_iPad = "UIInterfaceOrientationPortrait UIInterfaceOrientationPortraitUpsideDown UIInterfaceOrientationLandscapeLeft UIInterfaceOrientationLandscapeRight";
				INFOPLIST_KEY_UISupportedInterfaceOrientations_iPhone = "UIInterfaceOrientationPortrait UIInterfaceOrientationLandscapeLeft UIInterfaceOrientationLandscapeRight";
				IPHONEOS_DEPLOYMENT_TARGET = 14.0;
				LD_RUNPATH_SEARCH_PATHS = (
					"$(inherited)",
					"@executable_path/Frameworks",
				);
				MARKETING_VERSION = 0.0.5;
				PRODUCT_BUNDLE_IDENTIFIER = com.lzyable.minip;
				PRODUCT_NAME = "$(TARGET_NAME)";
				SWIFT_EMIT_LOC_STRINGS = YES;
				SWIFT_OBJC_BRIDGING_HEADER = "";
				SWIFT_VERSION = 5.0;
				TARGETED_DEVICE_FAMILY = "1,2";
			};
			name = Release;
		};
/* End XCBuildConfiguration section */

/* Begin XCConfigurationList section */
		48DF6B94288D32C800D523C1 /* Build configuration list for PBXProject "minip" */ = {
			isa = XCConfigurationList;
			buildConfigurations = (
				48DF6BA5288D32CA00D523C1 /* Debug */,
				48DF6BA6288D32CA00D523C1 /* Release */,
			);
			defaultConfigurationIsVisible = 0;
			defaultConfigurationName = Release;
		};
		48DF6BA7288D32CA00D523C1 /* Build configuration list for PBXNativeTarget "minip" */ = {
			isa = XCConfigurationList;
			buildConfigurations = (
				48DF6BA8288D32CA00D523C1 /* Debug */,
				48DF6BA9288D32CA00D523C1 /* Release */,
			);
			defaultConfigurationIsVisible = 0;
			defaultConfigurationName = Release;
		};
/* End XCConfigurationList section */

/* Begin XCRemoteSwiftPackageReference section */
		2B1B32C22A61358B00DA573F /* XCRemoteSwiftPackageReference "Alamofire" */ = {
			isa = XCRemoteSwiftPackageReference;
			repositoryURL = "https://github.com/Alamofire/Alamofire.git";
			requirement = {
				kind = upToNextMajorVersion;
				minimumVersion = 5.0.0;
			};
		};
		2B1B32C82A614FF900DA573F /* XCRemoteSwiftPackageReference "ZipArchive" */ = {
			isa = XCRemoteSwiftPackageReference;
			repositoryURL = "https://github.com/ZipArchive/ZipArchive";
			requirement = {
				kind = exactVersion;
				version = 2.4.3;
			};
		};
		2B1B32D22A61783400DA573F /* XCRemoteSwiftPackageReference "Defaults" */ = {
			isa = XCRemoteSwiftPackageReference;
			repositoryURL = "https://github.com/sindresorhus/Defaults";
			requirement = {
				branch = main;
				kind = branch;
			};
		};
		2B6D0E482A6223B4005BFEB9 /* XCRemoteSwiftPackageReference "PanModal" */ = {
			isa = XCRemoteSwiftPackageReference;
			repositoryURL = "https://github.com/slackhq/PanModal";
			requirement = {
				kind = upToNextMajorVersion;
				minimumVersion = 1.0.0;
			};
		};
		2B8F0B902A597C1E00D9359F /* XCRemoteSwiftPackageReference "PKHUD" */ = {
			isa = XCRemoteSwiftPackageReference;
			repositoryURL = "https://github.com/pkluz/PKHUD";
			requirement = {
				branch = master;
				kind = branch;
			};
		};
		2B9DC1C02A5E8E400061FAB8 /* XCRemoteSwiftPackageReference "treesitterlanguages" */ = {
			isa = XCRemoteSwiftPackageReference;
			repositoryURL = "https://github.com/simonbs/treesitterlanguages";
			requirement = {
				kind = upToNextMajorVersion;
				minimumVersion = 0.1.7;
			};
		};
		2BC331B22A62D47700441447 /* XCRemoteSwiftPackageReference "SwiftLMDB" */ = {
			isa = XCRemoteSwiftPackageReference;
			repositoryURL = "https://github.com/agisboye/SwiftLMDB";
			requirement = {
				kind = upToNextMajorVersion;
				minimumVersion = 2.0.0;
			};
		};
		2BD9B1A82A5BD4D300036AFD /* XCRemoteSwiftPackageReference "Runestone" */ = {
			isa = XCRemoteSwiftPackageReference;
			repositoryURL = "https://github.com/simonbs/Runestone";
			requirement = {
				kind = upToNextMajorVersion;
				minimumVersion = 0.5.1;
			};
		};
		2BD9B1D42A5C09C700036AFD /* XCRemoteSwiftPackageReference "KeyboardToolbar" */ = {
			isa = XCRemoteSwiftPackageReference;
			repositoryURL = "https://github.com/simonbs/KeyboardToolbar";
			requirement = {
				kind = upToNextMajorVersion;
				minimumVersion = 0.1.1;
			};
		};
		2BEEA85F288FACA5006095DC /* XCRemoteSwiftPackageReference "WKWebViewJavascriptBridge" */ = {
			isa = XCRemoteSwiftPackageReference;
			repositoryURL = "https://github.com/Lision/WKWebViewJavascriptBridge.git";
			requirement = {
				branch = master;
				kind = branch;
			};
		};
		4800EA072CF1C93300F49842 /* XCRemoteSwiftPackageReference "FlyingFox" */ = {
			isa = XCRemoteSwiftPackageReference;
			repositoryURL = "https://github.com/swhitty/FlyingFox.git";
			requirement = {
				kind = upToNextMajorVersion;
				minimumVersion = 0.20.0;
			};
		};
		483794AF2B973D0D0073A001 /* XCRemoteSwiftPackageReference "ZLPhotoBrowser" */ = {
			isa = XCRemoteSwiftPackageReference;
			repositoryURL = "https://github.com/longitachi/ZLPhotoBrowser.git";
			requirement = {
				kind = exactVersion;
				version = 4.4.8;
			};
		};
		487E38912A8FBA47003464D7 /* XCRemoteSwiftPackageReference "Kingfisher" */ = {
			isa = XCRemoteSwiftPackageReference;
			repositoryURL = "https://github.com/onevcat/Kingfisher.git";
			requirement = {
				kind = upToNextMajorVersion;
				minimumVersion = 7.0.0;
			};
		};
/* End XCRemoteSwiftPackageReference section */

/* Begin XCSwiftPackageProductDependency section */
		2B1B32C32A61358B00DA573F /* Alamofire */ = {
			isa = XCSwiftPackageProductDependency;
			package = 2B1B32C22A61358B00DA573F /* XCRemoteSwiftPackageReference "Alamofire" */;
			productName = Alamofire;
		};
		2B1B32C92A614FF900DA573F /* ZipArchive */ = {
			isa = XCSwiftPackageProductDependency;
			package = 2B1B32C82A614FF900DA573F /* XCRemoteSwiftPackageReference "ZipArchive" */;
			productName = ZipArchive;
		};
		2B1B32D32A61783400DA573F /* Defaults */ = {
			isa = XCSwiftPackageProductDependency;
			package = 2B1B32D22A61783400DA573F /* XCRemoteSwiftPackageReference "Defaults" */;
			productName = Defaults;
		};
		2B6D0E492A6223B4005BFEB9 /* PanModal */ = {
			isa = XCSwiftPackageProductDependency;
			package = 2B6D0E482A6223B4005BFEB9 /* XCRemoteSwiftPackageReference "PanModal" */;
			productName = PanModal;
		};
		2B8F0B912A597C1E00D9359F /* PKHUD */ = {
			isa = XCSwiftPackageProductDependency;
			package = 2B8F0B902A597C1E00D9359F /* XCRemoteSwiftPackageReference "PKHUD" */;
			productName = PKHUD;
		};
		2B9DC1C12A5E8E400061FAB8 /* TreeSitterCSS */ = {
			isa = XCSwiftPackageProductDependency;
			package = 2B9DC1C02A5E8E400061FAB8 /* XCRemoteSwiftPackageReference "treesitterlanguages" */;
			productName = TreeSitterCSS;
		};
		2B9DC1C32A5E8E400061FAB8 /* TreeSitterCSSQueries */ = {
			isa = XCSwiftPackageProductDependency;
			package = 2B9DC1C02A5E8E400061FAB8 /* XCRemoteSwiftPackageReference "treesitterlanguages" */;
			productName = TreeSitterCSSQueries;
		};
		2B9DC1C52A5E8E400061FAB8 /* TreeSitterCSSRunestone */ = {
			isa = XCSwiftPackageProductDependency;
			package = 2B9DC1C02A5E8E400061FAB8 /* XCRemoteSwiftPackageReference "treesitterlanguages" */;
			productName = TreeSitterCSSRunestone;
		};
		2B9DC1C72A5E8E400061FAB8 /* TreeSitterComment */ = {
			isa = XCSwiftPackageProductDependency;
			package = 2B9DC1C02A5E8E400061FAB8 /* XCRemoteSwiftPackageReference "treesitterlanguages" */;
			productName = TreeSitterComment;
		};
		2B9DC1C92A5E8E400061FAB8 /* TreeSitterCommentQueries */ = {
			isa = XCSwiftPackageProductDependency;
			package = 2B9DC1C02A5E8E400061FAB8 /* XCRemoteSwiftPackageReference "treesitterlanguages" */;
			productName = TreeSitterCommentQueries;
		};
		2B9DC1CB2A5E8E400061FAB8 /* TreeSitterCommentRunestone */ = {
			isa = XCSwiftPackageProductDependency;
			package = 2B9DC1C02A5E8E400061FAB8 /* XCRemoteSwiftPackageReference "treesitterlanguages" */;
			productName = TreeSitterCommentRunestone;
		};
		2B9DC1CD2A5E8E400061FAB8 /* TreeSitterHTML */ = {
			isa = XCSwiftPackageProductDependency;
			package = 2B9DC1C02A5E8E400061FAB8 /* XCRemoteSwiftPackageReference "treesitterlanguages" */;
			productName = TreeSitterHTML;
		};
		2B9DC1CF2A5E8E400061FAB8 /* TreeSitterHTMLQueries */ = {
			isa = XCSwiftPackageProductDependency;
			package = 2B9DC1C02A5E8E400061FAB8 /* XCRemoteSwiftPackageReference "treesitterlanguages" */;
			productName = TreeSitterHTMLQueries;
		};
		2B9DC1D12A5E8E400061FAB8 /* TreeSitterHTMLRunestone */ = {
			isa = XCSwiftPackageProductDependency;
			package = 2B9DC1C02A5E8E400061FAB8 /* XCRemoteSwiftPackageReference "treesitterlanguages" */;
			productName = TreeSitterHTMLRunestone;
		};
		2B9DC1D32A5E8E400061FAB8 /* TreeSitterJSON */ = {
			isa = XCSwiftPackageProductDependency;
			package = 2B9DC1C02A5E8E400061FAB8 /* XCRemoteSwiftPackageReference "treesitterlanguages" */;
			productName = TreeSitterJSON;
		};
		2B9DC1D52A5E8E400061FAB8 /* TreeSitterJSONQueries */ = {
			isa = XCSwiftPackageProductDependency;
			package = 2B9DC1C02A5E8E400061FAB8 /* XCRemoteSwiftPackageReference "treesitterlanguages" */;
			productName = TreeSitterJSONQueries;
		};
		2B9DC1D72A5E8E400061FAB8 /* TreeSitterJSONRunestone */ = {
			isa = XCSwiftPackageProductDependency;
			package = 2B9DC1C02A5E8E400061FAB8 /* XCRemoteSwiftPackageReference "treesitterlanguages" */;
			productName = TreeSitterJSONRunestone;
		};
		2B9DC1D92A5E8E400061FAB8 /* TreeSitterJavaScript */ = {
			isa = XCSwiftPackageProductDependency;
			package = 2B9DC1C02A5E8E400061FAB8 /* XCRemoteSwiftPackageReference "treesitterlanguages" */;
			productName = TreeSitterJavaScript;
		};
		2B9DC1DB2A5E8E400061FAB8 /* TreeSitterJavaScriptQueries */ = {
			isa = XCSwiftPackageProductDependency;
			package = 2B9DC1C02A5E8E400061FAB8 /* XCRemoteSwiftPackageReference "treesitterlanguages" */;
			productName = TreeSitterJavaScriptQueries;
		};
		2B9DC1DD2A5E8E400061FAB8 /* TreeSitterJavaScriptRunestone */ = {
			isa = XCSwiftPackageProductDependency;
			package = 2B9DC1C02A5E8E400061FAB8 /* XCRemoteSwiftPackageReference "treesitterlanguages" */;
			productName = TreeSitterJavaScriptRunestone;
		};
		2B9DC1DF2A5E8E400061FAB8 /* TreeSitterLanguagesCommon */ = {
			isa = XCSwiftPackageProductDependency;
			package = 2B9DC1C02A5E8E400061FAB8 /* XCRemoteSwiftPackageReference "treesitterlanguages" */;
			productName = TreeSitterLanguagesCommon;
		};
		2B9DC1E12A5E8E400061FAB8 /* TreeSitterMarkdown */ = {
			isa = XCSwiftPackageProductDependency;
			package = 2B9DC1C02A5E8E400061FAB8 /* XCRemoteSwiftPackageReference "treesitterlanguages" */;
			productName = TreeSitterMarkdown;
		};
		2B9DC1E32A5E8E400061FAB8 /* TreeSitterMarkdownQueries */ = {
			isa = XCSwiftPackageProductDependency;
			package = 2B9DC1C02A5E8E400061FAB8 /* XCRemoteSwiftPackageReference "treesitterlanguages" */;
			productName = TreeSitterMarkdownQueries;
		};
		2B9DC1E52A5E8E400061FAB8 /* TreeSitterMarkdownRunestone */ = {
			isa = XCSwiftPackageProductDependency;
			package = 2B9DC1C02A5E8E400061FAB8 /* XCRemoteSwiftPackageReference "treesitterlanguages" */;
			productName = TreeSitterMarkdownRunestone;
		};
		2B9DC1E72A5E8E400061FAB8 /* TreeSitterPython */ = {
			isa = XCSwiftPackageProductDependency;
			package = 2B9DC1C02A5E8E400061FAB8 /* XCRemoteSwiftPackageReference "treesitterlanguages" */;
			productName = TreeSitterPython;
		};
		2B9DC1E92A5E8E400061FAB8 /* TreeSitterPythonQueries */ = {
			isa = XCSwiftPackageProductDependency;
			package = 2B9DC1C02A5E8E400061FAB8 /* XCRemoteSwiftPackageReference "treesitterlanguages" */;
			productName = TreeSitterPythonQueries;
		};
		2B9DC1EB2A5E8E400061FAB8 /* TreeSitterPythonRunestone */ = {
			isa = XCSwiftPackageProductDependency;
			package = 2B9DC1C02A5E8E400061FAB8 /* XCRemoteSwiftPackageReference "treesitterlanguages" */;
			productName = TreeSitterPythonRunestone;
		};
		2B9DC1ED2A5E8E400061FAB8 /* TreeSitterSCSS */ = {
			isa = XCSwiftPackageProductDependency;
			package = 2B9DC1C02A5E8E400061FAB8 /* XCRemoteSwiftPackageReference "treesitterlanguages" */;
			productName = TreeSitterSCSS;
		};
		2B9DC1EF2A5E8E400061FAB8 /* TreeSitterSCSSQueries */ = {
			isa = XCSwiftPackageProductDependency;
			package = 2B9DC1C02A5E8E400061FAB8 /* XCRemoteSwiftPackageReference "treesitterlanguages" */;
			productName = TreeSitterSCSSQueries;
		};
		2B9DC1F12A5E8E400061FAB8 /* TreeSitterSCSSRunestone */ = {
			isa = XCSwiftPackageProductDependency;
			package = 2B9DC1C02A5E8E400061FAB8 /* XCRemoteSwiftPackageReference "treesitterlanguages" */;
			productName = TreeSitterSCSSRunestone;
		};
		2B9DC1F32A5E8E400061FAB8 /* TreeSitterTSX */ = {
			isa = XCSwiftPackageProductDependency;
			package = 2B9DC1C02A5E8E400061FAB8 /* XCRemoteSwiftPackageReference "treesitterlanguages" */;
			productName = TreeSitterTSX;
		};
		2B9DC1F52A5E8E400061FAB8 /* TreeSitterTSXQueries */ = {
			isa = XCSwiftPackageProductDependency;
			package = 2B9DC1C02A5E8E400061FAB8 /* XCRemoteSwiftPackageReference "treesitterlanguages" */;
			productName = TreeSitterTSXQueries;
		};
		2B9DC1F72A5E8E400061FAB8 /* TreeSitterTSXRunestone */ = {
			isa = XCSwiftPackageProductDependency;
			package = 2B9DC1C02A5E8E400061FAB8 /* XCRemoteSwiftPackageReference "treesitterlanguages" */;
			productName = TreeSitterTSXRunestone;
		};
		2B9DC1F92A5E8E400061FAB8 /* TreeSitterTypeScript */ = {
			isa = XCSwiftPackageProductDependency;
			package = 2B9DC1C02A5E8E400061FAB8 /* XCRemoteSwiftPackageReference "treesitterlanguages" */;
			productName = TreeSitterTypeScript;
		};
		2B9DC1FB2A5E8E400061FAB8 /* TreeSitterTypeScriptQueries */ = {
			isa = XCSwiftPackageProductDependency;
			package = 2B9DC1C02A5E8E400061FAB8 /* XCRemoteSwiftPackageReference "treesitterlanguages" */;
			productName = TreeSitterTypeScriptQueries;
		};
		2B9DC1FD2A5E8E400061FAB8 /* TreeSitterTypeScriptRunestone */ = {
			isa = XCSwiftPackageProductDependency;
			package = 2B9DC1C02A5E8E400061FAB8 /* XCRemoteSwiftPackageReference "treesitterlanguages" */;
			productName = TreeSitterTypeScriptRunestone;
		};
		2B9DC1FF2A5E8E400061FAB8 /* TreeSitterYAML */ = {
			isa = XCSwiftPackageProductDependency;
			package = 2B9DC1C02A5E8E400061FAB8 /* XCRemoteSwiftPackageReference "treesitterlanguages" */;
			productName = TreeSitterYAML;
		};
		2B9DC2012A5E8E400061FAB8 /* TreeSitterYAMLQueries */ = {
			isa = XCSwiftPackageProductDependency;
			package = 2B9DC1C02A5E8E400061FAB8 /* XCRemoteSwiftPackageReference "treesitterlanguages" */;
			productName = TreeSitterYAMLQueries;
		};
		2B9DC2032A5E8E400061FAB8 /* TreeSitterYAMLRunestone */ = {
			isa = XCSwiftPackageProductDependency;
			package = 2B9DC1C02A5E8E400061FAB8 /* XCRemoteSwiftPackageReference "treesitterlanguages" */;
			productName = TreeSitterYAMLRunestone;
		};
		2BC331B32A62D47700441447 /* SwiftLMDB */ = {
			isa = XCSwiftPackageProductDependency;
			package = 2BC331B22A62D47700441447 /* XCRemoteSwiftPackageReference "SwiftLMDB" */;
			productName = SwiftLMDB;
		};
		2BD9B1A92A5BD4D300036AFD /* Runestone */ = {
			isa = XCSwiftPackageProductDependency;
			package = 2BD9B1A82A5BD4D300036AFD /* XCRemoteSwiftPackageReference "Runestone" */;
			productName = Runestone;
		};
		2BD9B1D52A5C09C700036AFD /* KeyboardToolbar */ = {
			isa = XCSwiftPackageProductDependency;
			package = 2BD9B1D42A5C09C700036AFD /* XCRemoteSwiftPackageReference "KeyboardToolbar" */;
			productName = KeyboardToolbar;
		};
		2BEEA860288FACA5006095DC /* WKWebViewJavascriptBridge */ = {
			isa = XCSwiftPackageProductDependency;
			package = 2BEEA85F288FACA5006095DC /* XCRemoteSwiftPackageReference "WKWebViewJavascriptBridge" */;
			productName = WKWebViewJavascriptBridge;
		};
		4800EA082CF1C93300F49842 /* FlyingFox */ = {
			isa = XCSwiftPackageProductDependency;
			package = 4800EA072CF1C93300F49842 /* XCRemoteSwiftPackageReference "FlyingFox" */;
			productName = FlyingFox;
		};
		4800EA0A2CF1C93300F49842 /* FlyingSocks */ = {
			isa = XCSwiftPackageProductDependency;
			package = 4800EA072CF1C93300F49842 /* XCRemoteSwiftPackageReference "FlyingFox" */;
			productName = FlyingSocks;
		};
		483794B02B973D0D0073A001 /* ZLPhotoBrowser */ = {
			isa = XCSwiftPackageProductDependency;
			package = 483794AF2B973D0D0073A001 /* XCRemoteSwiftPackageReference "ZLPhotoBrowser" */;
			productName = ZLPhotoBrowser;
		};
		487E38922A8FBA48003464D7 /* Kingfisher */ = {
			isa = XCSwiftPackageProductDependency;
			package = 487E38912A8FBA47003464D7 /* XCRemoteSwiftPackageReference "Kingfisher" */;
			productName = Kingfisher;
		};
/* End XCSwiftPackageProductDependency section */
	};
	rootObject = 48DF6B91288D32C800D523C1 /* Project object */;
}
