{
  "originHash" : "8dfc8b0f8cbdaf5d37167d0d7846f84f02b3664fb973b5190c5e090f4cebe81c",
  "pins" : [
    {
      "identity" : "alamofire",
      "kind" : "remoteSourceControl",
      "location" : "https://github.com/Alamofire/Alamofire.git",
      "state" : {
        "revision" : "bc268c28fb170f494de9e9927c371b8342979ece",
        "version" : "5.7.1"
      }
    },
    {
      "identity" : "clmdb",
      "kind" : "remoteSourceControl",
      "location" : "https://github.com/agisboye/CLMDB.git",
      "state" : {
        "revision" : "3b32b6473848c139b506cc39793798a832cfb688",
        "version" : "0.9.30"
      }
    },
    {
      "identity" : "defaults",
      "kind" : "remoteSourceControl",
      "location" : "https://github.com/sindresorhus/Defaults",
      "state" : {
        "branch" : "main",
        "revision" : "bd14dae265091c5fb1ba1123a52861ae9f2ede84"
      }
    },
    {
      "identity" : "keyboardtoolbar",
      "kind" : "remoteSourceControl",
      "location" : "https://github.com/simonbs/KeyboardToolbar",
      "state" : {
        "revision" : "5f95f8e9af98f6163a58caaceaadc3bf720fd7bd",
        "version" : "0.1.1"
      }
    },
    {
      "identity" : "kingfisher",
      "kind" : "remoteSourceControl",
      "location" : "https://github.com/onevcat/Kingfisher.git",
      "state" : {
        "revision" : "c1f60c63f356d364f4284ba82961acbe7de79bcc",
        "version" : "7.8.1"
      }
    },
    {
      "identity" : "panmodal",
      "kind" : "remoteSourceControl",
      "location" : "https://github.com/slackhq/PanModal",
      "state" : {
        "revision" : "b012aecb6b67a8e46369227f893c12544846613f",
        "version" : "1.2.7"
      }
    },
    {
      "identity" : "pkhud",
      "kind" : "remoteSourceControl",
      "location" : "https://github.com/pkluz/PKHUD",
      "state" : {
        "branch" : "master",
        "revision" : "8fd26f23057c6bebd6695524b1c3e05e93aba571"
      }
    },
    {
      "identity" : "runestone",
      "kind" : "remoteSourceControl",
      "location" : "https://github.com/simonbs/Runestone",
      "state" : {
        "revision" : "9a486543e8ea44a705359cd06069c8f86e18df1b",
        "version" : "0.5.0"
      }
    },
    {
      "identity" : "swiftlmdb",
      "kind" : "remoteSourceControl",
      "location" : "https://github.com/agisboye/SwiftLMDB",
      "state" : {
        "revision" : "66b35898247b88f7079d2e0b0db0b2f84a76c796",
        "version" : "2.1.5"
      }
    },
    {
      "identity" : "tree-sitter",
      "kind" : "remoteSourceControl",
      "location" : "https://github.com/tree-sitter/tree-sitter",
      "state" : {
        "revision" : "98be227227af10cc7a269cb3ffb23686c0610b17",
        "version" : "0.20.9"
      }
    },
    {
      "identity" : "treesitterlanguages",
      "kind" : "remoteSourceControl",
      "location" : "https://github.com/simonbs/treesitterlanguages",
      "state" : {
        "revision" : "a15ab30453d14097355d7d78ec7c0feb008cfbba",
        "version" : "0.1.7"
      }
    },
    {
      "identity" : "wkwebviewjavascriptbridge",
      "kind" : "remoteSourceControl",
      "location" : "https://github.com/Lision/WKWebViewJavascriptBridge.git",
      "state" : {
        "branch" : "master",
        "revision" : "51cdc110657e5ad469df712ca79632761d3fe11d"
      }
    },
    {
      "identity" : "ziparchive",
      "kind" : "remoteSourceControl",
      "location" : "https://github.com/ZipArchive/ZipArchive",
      "state" : {
        "revision" : "38e0ce0598e06b034271f296a8e15b149c91aa19",
        "version" : "2.4.3"
      }
    },
    {
      "identity" : "zlphotobrowser",
      "kind" : "remoteSourceControl",
      "location" : "https://github.com/longitachi/ZLPhotoBrowser.git",
      "state" : {
        "revision" : "aa6c78e39ca8142e01f33304de05ad6a6be430ff",
        "version" : "4.4.8"
      }
    }
  ],
  "version" : 3
}
