{
  "originHash" : "ae0c4a1f8b2e07972392a8ebafebb31029d28e7021432acdb2124f4d2628d70b",
  "pins" : [
    {
      "identity" : "alamofire",
      "kind" : "remoteSourceControl",
      "location" : "https://github.com/Alamofire/Alamofire.git",
      "state" : {
        "revision" : "bc268c28fb170f494de9e9927c371b8342979ece",
        "version" : "5.7.1"
      }
    },
    {
      "identity" : "bluruikit",
      "kind" : "remoteSourceControl",
      "location" : "https://github.com/TimOliver/BlurUIKit.git",
      "state" : {
        "revision" : "7808a740b1424e4a105c6c9df0aff2f3de7ac7a4",
        "version" : "1.2.0"
      }
    },
    {
      "identity" : "clmdb",
      "kind" : "remoteSourceControl",
      "location" : "https://github.com/agisboye/CLMDB.git",
      "state" : {
        "revision" : "3b32b6473848c139b506cc39793798a832cfb688",
        "version" : "0.9.30"
      }
    },
    {
      "identity" : "defaults",
      "kind" : "remoteSourceControl",
      "location" : "https://github.com/sindresorhus/Defaults",
      "state" : {
        "branch" : "main",
        "revision" : "bd14dae265091c5fb1ba1123a52861ae9f2ede84"
      }
    },
    {
      "identity" : "flyingfox",
      "kind" : "remoteSourceControl",
      "location" : "https://github.com/swhitty/FlyingFox.git",
      "state" : {
        "revision" : "76b2d2d0eb54f0b53e8b661cc8007c487d94f8da",
        "version" : "0.25.0"
      }
    },
    {
      "identity" : "keyboardtoolbar",
      "kind" : "remoteSourceControl",
      "location" : "https://github.com/simonbs/KeyboardToolbar",
      "state" : {
        "branch" : "main",
        "revision" : "41ec0d3352c228a3a5cf4259a8cde4ae5d88b9d3"
      }
    },
    {
      "identity" : "kingfisher",
      "kind" : "remoteSourceControl",
      "location" : "https://github.com/onevcat/Kingfisher.git",
      "state" : {
        "revision" : "c1f60c63f356d364f4284ba82961acbe7de79bcc",
        "version" : "7.8.1"
      }
    },
    {
      "identity" : "panmodal",
      "kind" : "remoteSourceControl",
      "location" : "https://github.com/Yosorable/PanModal",
      "state" : {
        "branch" : "master",
        "revision" : "b7cb68260ebf5b701ebea103befd430bfed816ba"
      }
    },
    {
      "identity" : "progresshud",
      "kind" : "remoteSourceControl",
      "location" : "https://github.com/relatedcode/ProgressHUD",
      "state" : {
        "revision" : "4aa638a88450d6d48a6620070722e875e7a179ef",
        "version" : "14.1.4"
      }
    },
    {
      "identity" : "runestone",
      "kind" : "remoteSourceControl",
      "location" : "https://github.com/simonbs/Runestone",
      "state" : {
        "revision" : "1fad339aab99cf2136ce6bf8c32da3265b2e85e5",
        "version" : "0.5.1"
      }
    },
    {
      "identity" : "swiftlmdb",
      "kind" : "remoteSourceControl",
      "location" : "https://github.com/agisboye/SwiftLMDB",
      "state" : {
        "revision" : "66b35898247b88f7079d2e0b0db0b2f84a76c796",
        "version" : "2.1.5"
      }
    },
    {
      "identity" : "tree-sitter",
      "kind" : "remoteSourceControl",
      "location" : "https://github.com/tree-sitter/tree-sitter",
      "state" : {
        "revision" : "98be227227af10cc7a269cb3ffb23686c0610b17",
        "version" : "0.20.9"
      }
    },
    {
      "identity" : "treesitterlanguages",
      "kind" : "remoteSourceControl",
      "location" : "https://github.com/simonbs/treesitterlanguages",
      "state" : {
        "revision" : "15cf3a9ec3ab95e0d058b7df9f35619123c9e02d",
        "version" : "0.1.10"
      }
    },
    {
      "identity" : "zipfoundation",
      "kind" : "remoteSourceControl",
      "location" : "https://github.com/weichsel/ZIPFoundation",
      "state" : {
        "revision" : "02b6abe5f6eef7e3cbd5f247c5cc24e246efcfe0",
        "version" : "0.9.19"
      }
    }
  ],
  "version" : 3
}
