// !$*UTF8*$!
{
	archiveVersion = 1;
	classes = {
	};
	objectVersion = 70;
	objects = {

/* Begin PBXBuildFile section */
		2B1B32C42A61358B00DA573F /* Alamofire in Frameworks */ = {isa = PBXBuildFile; productRef = 2B1B32C32A61358B00DA573F /* Alamofire */; };
		2B1B32D42A61783400DA573F /* Defaults in Frameworks */ = {isa = PBXBuildFile; productRef = 2B1B32D32A61783400DA573F /* Defaults */; };
		2BC331B42A62D47700441447 /* SwiftLMDB in Frameworks */ = {isa = PBXBuildFile; productRef = 2BC331B32A62D47700441447 /* SwiftLMDB */; };
		2BD9B1AA2A5BD4D300036AFD /* Runestone in Frameworks */ = {isa = PBXBuildFile; productRef = 2BD9B1A92A5BD4D300036AFD /* Runestone */; };
		2BD9B1D62A5C09C700036AFD /* KeyboardToolbar in Frameworks */ = {isa = PBXBuildFile; productRef = 2BD9B1D52A5C09C700036AFD /* KeyboardToolbar */; };
		2BE125CD2E85259200B159E7 /* PanModal in Frameworks */ = {isa = PBXBuildFile; productRef = 2BE125CC2E85259200B159E7 /* PanModal */; };
		4800EA092CF1C93300F49842 /* FlyingFox in Frameworks */ = {isa = PBXBuildFile; productRef = 4800EA082CF1C93300F49842 /* FlyingFox */; };
		4800EA0B2CF1C93300F49842 /* FlyingSocks in Frameworks */ = {isa = PBXBuildFile; productRef = 4800EA0A2CF1C93300F49842 /* FlyingSocks */; };
		484970BE2F5D6BDA004AD67B /* TreeSitterSwiftRunestone in Frameworks */ = {isa = PBXBuildFile; productRef = 484970BD2F5D6BDA004AD67B /* TreeSitterSwiftRunestone */; };
		484970C02F5D6BE7004AD67B /* TreeSitterCRunestone in Frameworks */ = {isa = PBXBuildFile; productRef = 484970BF2F5D6BE7004AD67B /* TreeSitterCRunestone */; };
		484970C22F5D6BEE004AD67B /* TreeSitterCPPRunestone in Frameworks */ = {isa = PBXBuildFile; productRef = 484970C12F5D6BEE004AD67B /* TreeSitterCPPRunestone */; };
		484970C42F5D6CE1004AD67B /* TreeSitterBashRunestone in Frameworks */ = {isa = PBXBuildFile; productRef = 484970C32F5D6CE1004AD67B /* TreeSitterBashRunestone */; };
		484970C62F5D6CF3004AD67B /* TreeSitterJSON5Runestone in Frameworks */ = {isa = PBXBuildFile; productRef = 484970C52F5D6CF3004AD67B /* TreeSitterJSON5Runestone */; };
		484970C82F5D6CFB004AD67B /* TreeSitterTOMLRunestone in Frameworks */ = {isa = PBXBuildFile; productRef = 484970C72F5D6CFB004AD67B /* TreeSitterTOMLRunestone */; };
		484970CA2F5D6D02004AD67B /* TreeSitterSQLRunestone in Frameworks */ = {isa = PBXBuildFile; productRef = 484970C92F5D6D02004AD67B /* TreeSitterSQLRunestone */; };
		484970CC2F5D6D07004AD67B /* TreeSitterRustRunestone in Frameworks */ = {isa = PBXBuildFile; productRef = 484970CB2F5D6D07004AD67B /* TreeSitterRustRunestone */; };
		484970CE2F5D6D15004AD67B /* TreeSitterJavaRunestone in Frameworks */ = {isa = PBXBuildFile; productRef = 484970CD2F5D6D15004AD67B /* TreeSitterJavaRunestone */; };
		484970D02F5D6D1B004AD67B /* TreeSitterGoRunestone in Frameworks */ = {isa = PBXBuildFile; productRef = 484970CF2F5D6D1B004AD67B /* TreeSitterGoRunestone */; };
		484970D22F5D6D22004AD67B /* TreeSitterPHPRunestone in Frameworks */ = {isa = PBXBuildFile; productRef = 484970D12F5D6D22004AD67B /* TreeSitterPHPRunestone */; };
		484970D42F5D6D28004AD67B /* TreeSitterLuaRunestone in Frameworks */ = {isa = PBXBuildFile; productRef = 484970D32F5D6D28004AD67B /* TreeSitterLuaRunestone */; };
		484970D62F5D6D31004AD67B /* TreeSitterSCSSRunestone in Frameworks */ = {isa = PBXBuildFile; productRef = 484970D52F5D6D31004AD67B /* TreeSitterSCSSRunestone */; };
		484970D82F5D6D38004AD67B /* TreeSitterTSXRunestone in Frameworks */ = {isa = PBXBuildFile; productRef = 484970D72F5D6D38004AD67B /* TreeSitterTSXRunestone */; };
		484970DA2F5D6E62004AD67B /* TreeSitterRubyRunestone in Frameworks */ = {isa = PBXBuildFile; productRef = 484970D92F5D6E62004AD67B /* TreeSitterRubyRunestone */; };
		487C49EC2EF704FD0088FE93 /* ProgressHUD in Frameworks */ = {isa = PBXBuildFile; productRef = 487C49EB2EF704FD0088FE93 /* ProgressHUD */; };
		487E38932A8FBA48003464D7 /* Kingfisher in Frameworks */ = {isa = PBXBuildFile; productRef = 487E38922A8FBA48003464D7 /* Kingfisher */; };
		48CE69232D90EAE80072AF47 /* ZIPFoundation in Frameworks */ = {isa = PBXBuildFile; productRef = 48CE69222D90EAE80072AF47 /* ZIPFoundation */; };
		48EEFDD42F5A650700F0C6C6 /* TreeSitterCommentRunestone in Frameworks */ = {isa = PBXBuildFile; productRef = 48EEFDD32F5A650700F0C6C6 /* TreeSitterCommentRunestone */; };
		48EEFDD62F5A651200F0C6C6 /* TreeSitterCSSRunestone in Frameworks */ = {isa = PBXBuildFile; productRef = 48EEFDD52F5A651200F0C6C6 /* TreeSitterCSSRunestone */; };
		48EEFDD82F5A653000F0C6C6 /* TreeSitterHTMLRunestone in Frameworks */ = {isa = PBXBuildFile; productRef = 48EEFDD72F5A653000F0C6C6 /* TreeSitterHTMLRunestone */; };
		48EEFDDA2F5A653800F0C6C6 /* TreeSitterJavaScriptRunestone in Frameworks */ = {isa = PBXBuildFile; productRef = 48EEFDD92F5A653800F0C6C6 /* TreeSitterJavaScriptRunestone */; };
		48EEFDDC2F5A654100F0C6C6 /* TreeSitterJSDocRunestone in Frameworks */ = {isa = PBXBuildFile; productRef = 48EEFDDB2F5A654100F0C6C6 /* TreeSitterJSDocRunestone */; };
		48EEFDDE2F5A654F00F0C6C6 /* TreeSitterJSONRunestone in Frameworks */ = {isa = PBXBuildFile; productRef = 48EEFDDD2F5A654F00F0C6C6 /* TreeSitterJSONRunestone */; };
		48EEFDE02F5A656E00F0C6C6 /* TreeSitterMarkdownRunestone in Frameworks */ = {isa = PBXBuildFile; productRef = 48EEFDDF2F5A656E00F0C6C6 /* TreeSitterMarkdownRunestone */; };
		48EEFDE22F5A657700F0C6C6 /* TreeSitterMarkdownInlineRunestone in Frameworks */ = {isa = PBXBuildFile; productRef = 48EEFDE12F5A657700F0C6C6 /* TreeSitterMarkdownInlineRunestone */; };
		48EEFDE42F5A658000F0C6C6 /* TreeSitterPythonRunestone in Frameworks */ = {isa = PBXBuildFile; productRef = 48EEFDE32F5A658000F0C6C6 /* TreeSitterPythonRunestone */; };
		48EEFDE62F5A658600F0C6C6 /* TreeSitterRegexRunestone in Frameworks */ = {isa = PBXBuildFile; productRef = 48EEFDE52F5A658600F0C6C6 /* TreeSitterRegexRunestone */; };
		48EEFDEA2F5A659300F0C6C6 /* TreeSitterYAMLRunestone in Frameworks */ = {isa = PBXBuildFile; productRef = 48EEFDE92F5A659300F0C6C6 /* TreeSitterYAMLRunestone */; };
		48EEFDEC2F5A937700F0C6C6 /* TreeSitterTypeScriptRunestone in Frameworks */ = {isa = PBXBuildFile; productRef = 48EEFDEB2F5A937700F0C6C6 /* TreeSitterTypeScriptRunestone */; };
/* End PBXBuildFile section */

/* Begin PBXFileReference section */
		48DF6B99288D32C800D523C1 /* minip.app */ = {isa = PBXFileReference; explicitFileType = wrapper.application; includeInIndex = 0; path = minip.app; sourceTree = BUILT_PRODUCTS_DIR; };
/* End PBXFileReference section */

/* Begin PBXFileSystemSynchronizedBuildFileExceptionSet section */
		48BF4C132F3F8A6600708371 /* PBXFileSystemSynchronizedBuildFileExceptionSet */ = {
			isa = PBXFileSystemSynchronizedBuildFileExceptionSet;
			membershipExceptions = (
				".swift-format",
				Info.plist,
			);
			target = 48DF6B98288D32C800D523C1 /* minip */;
		};
/* End PBXFileSystemSynchronizedBuildFileExceptionSet section */

/* Begin PBXFileSystemSynchronizedRootGroup section */
		48BF4BB02F3F8A6600708371 /* minip */ = {isa = PBXFileSystemSynchronizedRootGroup; exceptions = (48BF4C132F3F8A6600708371 /* PBXFileSystemSynchronizedBuildFileExceptionSet */, ); explicitFileTypes = {}; explicitFolders = (Resources/Fonts, Resources/LanguageServiceBundles, Resources/web, ); path = minip; sourceTree = "<group>"; };
/* End PBXFileSystemSynchronizedRootGroup section */

/* Begin PBXFrameworksBuildPhase section */
		48DF6B96288D32C800D523C1 /* Frameworks */ = {
			isa = PBXFrameworksBuildPhase;
			buildActionMask = 2147483647;
			files = (
				484970D02F5D6D1B004AD67B /* TreeSitterGoRunestone in Frameworks */,
				4800EA0B2CF1C93300F49842 /* FlyingSocks in Frameworks */,
				48CE69232D90EAE80072AF47 /* ZIPFoundation in Frameworks */,
				487E38932A8FBA48003464D7 /* Kingfisher in Frameworks */,
				484970C22F5D6BEE004AD67B /* TreeSitterCPPRunestone in Frameworks */,
				2B1B32C42A61358B00DA573F /* Alamofire in Frameworks */,
				484970D42F5D6D28004AD67B /* TreeSitterLuaRunestone in Frameworks */,
				48EEFDEA2F5A659300F0C6C6 /* TreeSitterYAMLRunestone in Frameworks */,
				2BC331B42A62D47700441447 /* SwiftLMDB in Frameworks */,
				484970CE2F5D6D15004AD67B /* TreeSitterJavaRunestone in Frameworks */,
				487C49EC2EF704FD0088FE93 /* ProgressHUD in Frameworks */,
				2BD9B1AA2A5BD4D300036AFD /* Runestone in Frameworks */,
				484970C62F5D6CF3004AD67B /* TreeSitterJSON5Runestone in Frameworks */,
				2BE125CD2E85259200B159E7 /* PanModal in Frameworks */,
				48EEFDD82F5A653000F0C6C6 /* TreeSitterHTMLRunestone in Frameworks */,
				48EEFDE42F5A658000F0C6C6 /* TreeSitterPythonRunestone in Frameworks */,
				484970BE2F5D6BDA004AD67B /* TreeSitterSwiftRunestone in Frameworks */,
				48EEFDDC2F5A654100F0C6C6 /* TreeSitterJSDocRunestone in Frameworks */,
				48EEFDDA2F5A653800F0C6C6 /* TreeSitterJavaScriptRunestone in Frameworks */,
				484970D22F5D6D22004AD67B /* TreeSitterPHPRunestone in Frameworks */,
				4800EA092CF1C93300F49842 /* FlyingFox in Frameworks */,
				48EEFDE02F5A656E00F0C6C6 /* TreeSitterMarkdownRunestone in Frameworks */,
				48EEFDE62F5A658600F0C6C6 /* TreeSitterRegexRunestone in Frameworks */,
				48EEFDE22F5A657700F0C6C6 /* TreeSitterMarkdownInlineRunestone in Frameworks */,
				48EEFDEC2F5A937700F0C6C6 /* TreeSitterTypeScriptRunestone in Frameworks */,
				2B1B32D42A61783400DA573F /* Defaults in Frameworks */,
				484970CA2F5D6D02004AD67B /* TreeSitterSQLRunestone in Frameworks */,
				484970DA2F5D6E62004AD67B /* TreeSitterRubyRunestone in Frameworks */,
				48EEFDD62F5A651200F0C6C6 /* TreeSitterCSSRunestone in Frameworks */,
				484970C02F5D6BE7004AD67B /* TreeSitterCRunestone in Frameworks */,
				484970C82F5D6CFB004AD67B /* TreeSitterTOMLRunestone in Frameworks */,
				484970CC2F5D6D07004AD67B /* TreeSitterRustRunestone in Frameworks */,
				2BD9B1D62A5C09C700036AFD /* KeyboardToolbar in Frameworks */,
				484970C42F5D6CE1004AD67B /* TreeSitterBashRunestone in Frameworks */,
				484970D62F5D6D31004AD67B /* TreeSitterSCSSRunestone in Frameworks */,
				484970D82F5D6D38004AD67B /* TreeSitterTSXRunestone in Frameworks */,
				48EEFDD42F5A650700F0C6C6 /* TreeSitterCommentRunestone in Frameworks */,
				48EEFDDE2F5A654F00F0C6C6 /* TreeSitterJSONRunestone in Frameworks */,
			);
			runOnlyForDeploymentPostprocessing = 0;
		};
/* End PBXFrameworksBuildPhase section */

/* Begin PBXGroup section */
		2B96D62D2A5E37AA00E8483F /* Frameworks */ = {
			isa = PBXGroup;
			children = (
			);
			name = Frameworks;
			sourceTree = "<group>";
		};
		48DF6B90288D32C800D523C1 = {
			isa = PBXGroup;
			children = (
				48BF4BB02F3F8A6600708371 /* minip */,
				48DF6B9A288D32C800D523C1 /* Products */,
				2B96D62D2A5E37AA00E8483F /* Frameworks */,
			);
			sourceTree = "<group>";
		};
		48DF6B9A288D32C800D523C1 /* Products */ = {
			isa = PBXGroup;
			children = (
				48DF6B99288D32C800D523C1 /* minip.app */,
			);
			name = Products;
			sourceTree = "<group>";
		};
/* End PBXGroup section */

/* Begin PBXNativeTarget section */
		48DF6B98288D32C800D523C1 /* minip */ = {
			isa = PBXNativeTarget;
			buildConfigurationList = 48DF6BA7288D32CA00D523C1 /* Build configuration list for PBXNativeTarget "minip" */;
			buildPhases = (
				48DF6B95288D32C800D523C1 /* Sources */,
				48DF6B96288D32C800D523C1 /* Frameworks */,
				48DF6B97288D32C800D523C1 /* Resources */,
			);
			buildRules = (
			);
			dependencies = (
			);
			fileSystemSynchronizedGroups = (
				48BF4BB02F3F8A6600708371 /* minip */,
			);
			name = minip;
			packageProductDependencies = (
				2BD9B1A92A5BD4D300036AFD /* Runestone */,
				2BD9B1D52A5C09C700036AFD /* KeyboardToolbar */,
				2B1B32C32A61358B00DA573F /* Alamofire */,
				2B1B32D32A61783400DA573F /* Defaults */,
				2BC331B32A62D47700441447 /* SwiftLMDB */,
				487E38922A8FBA48003464D7 /* Kingfisher */,
				4800EA082CF1C93300F49842 /* FlyingFox */,
				4800EA0A2CF1C93300F49842 /* FlyingSocks */,
				48CE69222D90EAE80072AF47 /* ZIPFoundation */,
				2BE125CC2E85259200B159E7 /* PanModal */,
				487C49EB2EF704FD0088FE93 /* ProgressHUD */,
				48EEFDD32F5A650700F0C6C6 /* TreeSitterCommentRunestone */,
				48EEFDD52F5A651200F0C6C6 /* TreeSitterCSSRunestone */,
				48EEFDD72F5A653000F0C6C6 /* TreeSitterHTMLRunestone */,
				48EEFDD92F5A653800F0C6C6 /* TreeSitterJavaScriptRunestone */,
				48EEFDDB2F5A654100F0C6C6 /* TreeSitterJSDocRunestone */,
				48EEFDDD2F5A654F00F0C6C6 /* TreeSitterJSONRunestone */,
				48EEFDDF2F5A656E00F0C6C6 /* TreeSitterMarkdownRunestone */,
				48EEFDE12F5A657700F0C6C6 /* TreeSitterMarkdownInlineRunestone */,
				48EEFDE32F5A658000F0C6C6 /* TreeSitterPythonRunestone */,
				48EEFDE52F5A658600F0C6C6 /* TreeSitterRegexRunestone */,
				48EEFDE92F5A659300F0C6C6 /* TreeSitterYAMLRunestone */,
				48EEFDEB2F5A937700F0C6C6 /* TreeSitterTypeScriptRunestone */,
				484970BD2F5D6BDA004AD67B /* TreeSitterSwiftRunestone */,
				484970BF2F5D6BE7004AD67B /* TreeSitterCRunestone */,
				484970C12F5D6BEE004AD67B /* TreeSitterCPPRunestone */,
				484970C32F5D6CE1004AD67B /* TreeSitterBashRunestone */,
				484970C52F5D6CF3004AD67B /* TreeSitterJSON5Runestone */,
				484970C72F5D6CFB004AD67B /* TreeSitterTOMLRunestone */,
				484970C92F5D6D02004AD67B /* TreeSitterSQLRunestone */,
				484970CB2F5D6D07004AD67B /* TreeSitterRustRunestone */,
				484970CD2F5D6D15004AD67B /* TreeSitterJavaRunestone */,
				484970CF2F5D6D1B004AD67B /* TreeSitterGoRunestone */,
				484970D12F5D6D22004AD67B /* TreeSitterPHPRunestone */,
				484970D32F5D6D28004AD67B /* TreeSitterLuaRunestone */,
				484970D52F5D6D31004AD67B /* TreeSitterSCSSRunestone */,
				484970D72F5D6D38004AD67B /* TreeSitterTSXRunestone */,
				484970D92F5D6E62004AD67B /* TreeSitterRubyRunestone */,
			);
			productName = minip;
			productReference = 48DF6B99288D32C800D523C1 /* minip.app */;
			productType = "com.apple.product-type.application";
		};
/* End PBXNativeTarget section */

/* Begin PBXProject section */
		48DF6B91288D32C800D523C1 /* Project object */ = {
			isa = PBXProject;
			attributes = {
				BuildIndependentTargetsInParallel = 1;
				LastSwiftUpdateCheck = 1310;
				LastUpgradeCheck = 1310;
				TargetAttributes = {
					48DF6B98288D32C800D523C1 = {
						CreatedOnToolsVersion = 13.1;
						LastSwiftMigration = 2630;
					};
				};
			};
			buildConfigurationList = 48DF6B94288D32C800D523C1 /* Build configuration list for PBXProject "minip" */;
			compatibilityVersion = "Xcode 13.0";
			developmentRegion = en;
			hasScannedForEncodings = 0;
			knownRegions = (
				en,
				Base,
				"zh-Hans",
				ja,
				ko,
				ru,
				de,
				it,
				fr,
				"pt-PT",
				es,
				"zh-Hant",
			);
			mainGroup = 48DF6B90288D32C800D523C1;
			packageReferences = (
				2BD9B1A82A5BD4D300036AFD /* XCRemoteSwiftPackageReference "Runestone" */,
				2BD9B1D42A5C09C700036AFD /* XCRemoteSwiftPackageReference "KeyboardToolbar" */,
				2B1B32C22A61358B00DA573F /* XCRemoteSwiftPackageReference "Alamofire" */,
				2B1B32D22A61783400DA573F /* XCRemoteSwiftPackageReference "Defaults" */,
				2BC331B22A62D47700441447 /* XCRemoteSwiftPackageReference "SwiftLMDB" */,
				487E38912A8FBA47003464D7 /* XCRemoteSwiftPackageReference "Kingfisher" */,
				4800EA072CF1C93300F49842 /* XCRemoteSwiftPackageReference "FlyingFox" */,
				48CE69212D90EAE80072AF47 /* XCRemoteSwiftPackageReference "ZIPFoundation" */,
				2BE125CB2E85259200B159E7 /* XCRemoteSwiftPackageReference "PanModal" */,
				487C49EA2EF704FD0088FE93 /* XCRemoteSwiftPackageReference "ProgressHUD" */,
				48EEFDD22F5A64F900F0C6C6 /* XCRemoteSwiftPackageReference "treesitterlanguages" */,
			);
			productRefGroup = 48DF6B9A288D32C800D523C1 /* Products */;
			projectDirPath = "";
			projectRoot = "";
			targets = (
				48DF6B98288D32C800D523C1 /* minip */,
			);
		};
/* End PBXProject section */

/* Begin PBXResourcesBuildPhase section */
		48DF6B97288D32C800D523C1 /* Resources */ = {
			isa = PBXResourcesBuildPhase;
			buildActionMask = 2147483647;
			files = (
			);
			runOnlyForDeploymentPostprocessing = 0;
		};
/* End PBXResourcesBuildPhase section */

/* Begin PBXSourcesBuildPhase section */
		48DF6B95288D32C800D523C1 /* Sources */ = {
			isa = PBXSourcesBuildPhase;
			buildActionMask = 2147483647;
			files = (
			);
			runOnlyForDeploymentPostprocessing = 0;
		};
/* End PBXSourcesBuildPhase section */

/* Begin XCBuildConfiguration section */
		48DF6BA5288D32CA00D523C1 /* Debug */ = {
			isa = XCBuildConfiguration;
			buildSettings = {
				ALWAYS_SEARCH_USER_PATHS = NO;
				CLANG_ANALYZER_LOCALIZABILITY_NONLOCALIZED = YES;
				CLANG_ANALYZER_NONNULL = YES;
				CLANG_ANALYZER_NUMBER_OBJECT_CONVERSION = YES_AGGRESSIVE;
				CLANG_CXX_LANGUAGE_STANDARD = "gnu++17";
				CLANG_CXX_LIBRARY = "libc++";
				CLANG_ENABLE_MODULES = YES;
				CLANG_ENABLE_OBJC_ARC = YES;
				CLANG_ENABLE_OBJC_WEAK = YES;
				CLANG_WARN_BLOCK_CAPTURE_AUTORELEASING = YES;
				CLANG_WARN_BOOL_CONVERSION = YES;
				CLANG_WARN_COMMA = YES;
				CLANG_WARN_CONSTANT_CONVERSION = YES;
				CLANG_WARN_DEPRECATED_OBJC_IMPLEMENTATIONS = YES;
				CLANG_WARN_DIRECT_OBJC_ISA_USAGE = YES_ERROR;
				CLANG_WARN_DOCUMENTATION_COMMENTS = YES;
				CLANG_WARN_EMPTY_BODY = YES;
				CLANG_WARN_ENUM_CONVERSION = YES;
				CLANG_WARN_INFINITE_RECURSION = YES;
				CLANG_WARN_INT_CONVERSION = YES;
				CLANG_WARN_NON_LITERAL_NULL_CONVERSION = YES;
				CLANG_WARN_OBJC_IMPLICIT_RETAIN_SELF = YES;
				CLANG_WARN_OBJC_LITERAL_CONVERSION = YES;
				CLANG_WARN_OBJC_ROOT_CLASS = YES_ERROR;
				CLANG_WARN_QUOTED_INCLUDE_IN_FRAMEWORK_HEADER = YES;
				CLANG_WARN_RANGE_LOOP_ANALYSIS = YES;
				CLANG_WARN_STRICT_PROTOTYPES = YES;
				CLANG_WARN_SUSPICIOUS_MOVE = YES;
				CLANG_WARN_UNGUARDED_AVAILABILITY = YES_AGGRESSIVE;
				CLANG_WARN_UNREACHABLE_CODE = YES;
				CLANG_WARN__DUPLICATE_METHOD_MATCH = YES;
				COPY_PHASE_STRIP = NO;
				DEBUG_INFORMATION_FORMAT = dwarf;
				ENABLE_STRICT_OBJC_MSGSEND = YES;
				ENABLE_TESTABILITY = YES;
				GCC_C_LANGUAGE_STANDARD = gnu11;
				GCC_DYNAMIC_NO_PIC = NO;
				GCC_NO_COMMON_BLOCKS = YES;
				GCC_OPTIMIZATION_LEVEL = 0;
				GCC_PREPROCESSOR_DEFINITIONS = (
					"DEBUG=1",
					"$(inherited)",
				);
				GCC_WARN_64_TO_32_BIT_CONVERSION = YES;
				GCC_WARN_ABOUT_RETURN_TYPE = YES_ERROR;
				GCC_WARN_UNDECLARED_SELECTOR = YES;
				GCC_WARN_UNINITIALIZED_AUTOS = YES_AGGRESSIVE;
				GCC_WARN_UNUSED_FUNCTION = YES;
				GCC_WARN_UNUSED_VARIABLE = YES;
				IPHONEOS_DEPLOYMENT_TARGET = 16.4;
				MTL_ENABLE_DEBUG_INFO = INCLUDE_SOURCE;
				MTL_FAST_MATH = YES;
				ONLY_ACTIVE_ARCH = YES;
				SDKROOT = iphoneos;
				SWIFT_ACTIVE_COMPILATION_CONDITIONS = DEBUG;
				SWIFT_EMIT_LOC_STRINGS = YES;
				SWIFT_OPTIMIZATION_LEVEL = "-Onone";
			};
			name = Debug;
		};
		48DF6BA6288D32CA00D523C1 /* Release */ = {
			isa = XCBuildConfiguration;
			buildSettings = {
				ALWAYS_SEARCH_USER_PATHS = NO;
				CLANG_ANALYZER_LOCALIZABILITY_NONLOCALIZED = YES;
				CLANG_ANALYZER_NONNULL = YES;
				CLANG_ANALYZER_NUMBER_OBJECT_CONVERSION = YES_AGGRESSIVE;
				CLANG_CXX_LANGUAGE_STANDARD = "gnu++17";
				CLANG_CXX_LIBRARY = "libc++";
				CLANG_ENABLE_MODULES = YES;
				CLANG_ENABLE_OBJC_ARC = YES;
				CLANG_ENABLE_OBJC_WEAK = YES;
				CLANG_WARN_BLOCK_CAPTURE_AUTORELEASING = YES;
				CLANG_WARN_BOOL_CONVERSION = YES;
				CLANG_WARN_COMMA = YES;
				CLANG_WARN_CONSTANT_CONVERSION = YES;
				CLANG_WARN_DEPRECATED_OBJC_IMPLEMENTATIONS = YES;
				CLANG_WARN_DIRECT_OBJC_ISA_USAGE = YES_ERROR;
				CLANG_WARN_DOCUMENTATION_COMMENTS = YES;
				CLANG_WARN_EMPTY_BODY = YES;
				CLANG_WARN_ENUM_CONVERSION = YES;
				CLANG_WARN_INFINITE_RECURSION = YES;
				CLANG_WARN_INT_CONVERSION = YES;
				CLANG_WARN_NON_LITERAL_NULL_CONVERSION = YES;
				CLANG_WARN_OBJC_IMPLICIT_RETAIN_SELF = YES;
				CLANG_WARN_OBJC_LITERAL_CONVERSION = YES;
				CLANG_WARN_OBJC_ROOT_CLASS = YES_ERROR;
				CLANG_WARN_QUOTED_INCLUDE_IN_FRAMEWORK_HEADER = YES;
				CLANG_WARN_RANGE_LOOP_ANALYSIS = YES;
				CLANG_WARN_STRICT_PROTOTYPES = YES;
				CLANG_WARN_SUSPICIOUS_MOVE = YES;
				CLANG_WARN_UNGUARDED_AVAILABILITY = YES_AGGRESSIVE;
				CLANG_WARN_UNREACHABLE_CODE = YES;
				CLANG_WARN__DUPLICATE_METHOD_MATCH = YES;
				COPY_PHASE_STRIP = NO;
				DEBUG_INFORMATION_FORMAT = "dwarf-with-dsym";
				ENABLE_NS_ASSERTIONS = NO;
				ENABLE_STRICT_OBJC_MSGSEND = YES;
				GCC_C_LANGUAGE_STANDARD = gnu11;
				GCC_NO_COMMON_BLOCKS = YES;
				GCC_WARN_64_TO_32_BIT_CONVERSION = YES;
				GCC_WARN_ABOUT_RETURN_TYPE = YES_ERROR;
				GCC_WARN_UNDECLARED_SELECTOR = YES;
				GCC_WARN_UNINITIALIZED_AUTOS = YES_AGGRESSIVE;
				GCC_WARN_UNUSED_FUNCTION = YES;
				GCC_WARN_UNUSED_VARIABLE = YES;
				IPHONEOS_DEPLOYMENT_TARGET = 16.4;
				MTL_ENABLE_DEBUG_INFO = NO;
				MTL_FAST_MATH = YES;
				SDKROOT = iphoneos;
				SWIFT_COMPILATION_MODE = wholemodule;
				SWIFT_EMIT_LOC_STRINGS = YES;
				SWIFT_OPTIMIZATION_LEVEL = "-O";
				VALIDATE_PRODUCT = YES;
			};
			name = Release;
		};
		48DF6BA8288D32CA00D523C1 /* Debug */ = {
			isa = XCBuildConfiguration;
			buildSettings = {
				ASSETCATALOG_COMPILER_APPICON_NAME = AppIcon;
				ASSETCATALOG_COMPILER_GLOBAL_ACCENT_COLOR_NAME = AccentColor;
				CLANG_ENABLE_MODULES = YES;
				CODE_SIGN_ENTITLEMENTS = minip/minip.entitlements;
				CODE_SIGN_STYLE = Automatic;
				CURRENT_PROJECT_VERSION = 20;
				DEVELOPMENT_ASSET_PATHS = "\"minip/Preview Content\"";
				DEVELOPMENT_TEAM = 4UWZ7NY5YH;
				ENABLE_PREVIEWS = YES;
				GENERATE_INFOPLIST_FILE = YES;
				INFOPLIST_FILE = minip/Info.plist;
				INFOPLIST_KEY_CFBundleDisplayName = Minip;
				INFOPLIST_KEY_ITSAppUsesNonExemptEncryption = NO;
				INFOPLIST_KEY_LSApplicationCategoryType = "public.app-category.developer-tools";
				INFOPLIST_KEY_NSCameraUsageDescription = "The camera is used to scan QR codes and take photos.";
				INFOPLIST_KEY_NSFaceIDUsageDescription = "Face ID is used to quickly and securely unlock the app.";
				INFOPLIST_KEY_NSMicrophoneUsageDescription = "The microphone is used to record audio in videos or notes.";
				INFOPLIST_KEY_NSPhotoLibraryAddUsageDescription = "Access to save photos allows the app to store images you create or download.";
				INFOPLIST_KEY_NSPhotoLibraryUsageDescription = "Access to your photo library is used to select pictures for editing, sharing, or scanning QR codes.";
				INFOPLIST_KEY_UIApplicationSupportsIndirectInputEvents = YES;
				INFOPLIST_KEY_UILaunchScreen_Generation = YES;
				INFOPLIST_KEY_UISupportedInterfaceOrientations_iPad = "UIInterfaceOrientationPortrait UIInterfaceOrientationPortraitUpsideDown UIInterfaceOrientationLandscapeLeft UIInterfaceOrientationLandscapeRight";
				INFOPLIST_KEY_UISupportedInterfaceOrientations_iPhone = "UIInterfaceOrientationPortrait UIInterfaceOrientationLandscapeLeft UIInterfaceOrientationLandscapeRight";
				INFOPLIST_KEY_UISupportsDocumentBrowser = YES;
				IPHONEOS_DEPLOYMENT_TARGET = 16.0;
				LD_RUNPATH_SEARCH_PATHS = (
					"$(inherited)",
					"@executable_path/Frameworks",
				);
				MARKETING_VERSION = 0.0.42;
				PRODUCT_BUNDLE_IDENTIFIER = com.lzyable.minip;
				PRODUCT_NAME = "$(TARGET_NAME)";
				SWIFT_EMIT_LOC_STRINGS = YES;
				SWIFT_OBJC_BRIDGING_HEADER = "";
				SWIFT_OPTIMIZATION_LEVEL = "-Onone";
				SWIFT_VERSION = 5.0;
				TARGETED_DEVICE_FAMILY = "1,2";
			};
			name = Debug;
		};
		48DF6BA9288D32CA00D523C1 /* Release */ = {
			isa = XCBuildConfiguration;
			buildSettings = {
				ASSETCATALOG_COMPILER_APPICON_NAME = AppIcon;
				ASSETCATALOG_COMPILER_GLOBAL_ACCENT_COLOR_NAME = AccentColor;
				CLANG_ENABLE_MODULES = YES;
				CODE_SIGN_ENTITLEMENTS = minip/minip.entitlements;
				CODE_SIGN_STYLE = Automatic;
				CURRENT_PROJECT_VERSION = 20;
				DEVELOPMENT_ASSET_PATHS = "\"minip/Preview Content\"";
				DEVELOPMENT_TEAM = 4UWZ7NY5YH;
				ENABLE_PREVIEWS = YES;
				GENERATE_INFOPLIST_FILE = YES;
				INFOPLIST_FILE = minip/Info.plist;
				INFOPLIST_KEY_CFBundleDisplayName = Minip;
				INFOPLIST_KEY_ITSAppUsesNonExemptEncryption = NO;
				INFOPLIST_KEY_LSApplicationCategoryType = "public.app-category.developer-tools";
				INFOPLIST_KEY_NSCameraUsageDescription = "The camera is used to scan QR codes and take photos.";
				INFOPLIST_KEY_NSFaceIDUsageDescription = "Face ID is used to quickly and securely unlock the app.";
				INFOPLIST_KEY_NSMicrophoneUsageDescription = "The microphone is used to record audio in videos or notes.";
				INFOPLIST_KEY_NSPhotoLibraryAddUsageDescription = "Access to save photos allows the app to store images you create or download.";
				INFOPLIST_KEY_NSPhotoLibraryUsageDescription = "Access to your photo library is used to select pictures for editing, sharing, or scanning QR codes.";
				INFOPLIST_KEY_UIApplicationSupportsIndirectInputEvents = YES;
				INFOPLIST_KEY_UILaunchScreen_Generation = YES;
				INFOPLIST_KEY_UISupportedInterfaceOrientations_iPad = "UIInterfaceOrientationPortrait UIInterfaceOrientationPortraitUpsideDown UIInterfaceOrientationLandscapeLeft UIInterfaceOrientationLandscapeRight";
				INFOPLIST_KEY_UISupportedInterfaceOrientations_iPhone = "UIInterfaceOrientationPortrait UIInterfaceOrientationLandscapeLeft UIInterfaceOrientationLandscapeRight";
				INFOPLIST_KEY_UISupportsDocumentBrowser = YES;
				IPHONEOS_DEPLOYMENT_TARGET = 16.0;
				LD_RUNPATH_SEARCH_PATHS = (
					"$(inherited)",
					"@executable_path/Frameworks",
				);
				MARKETING_VERSION = 0.0.42;
				PRODUCT_BUNDLE_IDENTIFIER = com.lzyable.minip;
				PRODUCT_NAME = "$(TARGET_NAME)";
				SWIFT_EMIT_LOC_STRINGS = YES;
				SWIFT_OBJC_BRIDGING_HEADER = "";
				SWIFT_VERSION = 5.0;
				TARGETED_DEVICE_FAMILY = "1,2";
			};
			name = Release;
		};
/* End XCBuildConfiguration section */

/* Begin XCConfigurationList section */
		48DF6B94288D32C800D523C1 /* Build configuration list for PBXProject "minip" */ = {
			isa = XCConfigurationList;
			buildConfigurations = (
				48DF6BA5288D32CA00D523C1 /* Debug */,
				48DF6BA6288D32CA00D523C1 /* Release */,
			);
			defaultConfigurationIsVisible = 0;
			defaultConfigurationName = Release;
		};
		48DF6BA7288D32CA00D523C1 /* Build configuration list for PBXNativeTarget "minip" */ = {
			isa = XCConfigurationList;
			buildConfigurations = (
				48DF6BA8288D32CA00D523C1 /* Debug */,
				48DF6BA9288D32CA00D523C1 /* Release */,
			);
			defaultConfigurationIsVisible = 0;
			defaultConfigurationName = Release;
		};
/* End XCConfigurationList section */

/* Begin XCRemoteSwiftPackageReference section */
		2B1B32C22A61358B00DA573F /* XCRemoteSwiftPackageReference "Alamofire" */ = {
			isa = XCRemoteSwiftPackageReference;
			repositoryURL = "https://github.com/Alamofire/Alamofire.git";
			requirement = {
				kind = upToNextMajorVersion;
				minimumVersion = 5.0.0;
			};
		};
		2B1B32D22A61783400DA573F /* XCRemoteSwiftPackageReference "Defaults" */ = {
			isa = XCRemoteSwiftPackageReference;
			repositoryURL = "https://github.com/sindresorhus/Defaults";
			requirement = {
				branch = main;
				kind = branch;
			};
		};
		2BC331B22A62D47700441447 /* XCRemoteSwiftPackageReference "SwiftLMDB" */ = {
			isa = XCRemoteSwiftPackageReference;
			repositoryURL = "https://github.com/agisboye/SwiftLMDB";
			requirement = {
				kind = upToNextMajorVersion;
				minimumVersion = 2.0.0;
			};
		};
		2BD9B1A82A5BD4D300036AFD /* XCRemoteSwiftPackageReference "Runestone" */ = {
			isa = XCRemoteSwiftPackageReference;
			repositoryURL = "https://github.com/simonbs/Runestone";
			requirement = {
				kind = upToNextMajorVersion;
				minimumVersion = 0.5.1;
			};
		};
		2BD9B1D42A5C09C700036AFD /* XCRemoteSwiftPackageReference "KeyboardToolbar" */ = {
			isa = XCRemoteSwiftPackageReference;
			repositoryURL = "https://github.com/simonbs/KeyboardToolbar";
			requirement = {
				branch = main;
				kind = branch;
			};
		};
		2BE125CB2E85259200B159E7 /* XCRemoteSwiftPackageReference "PanModal" */ = {
			isa = XCRemoteSwiftPackageReference;
			repositoryURL = "https://github.com/Yosorable/PanModal";
			requirement = {
				branch = master;
				kind = branch;
			};
		};
		4800EA072CF1C93300F49842 /* XCRemoteSwiftPackageReference "FlyingFox" */ = {
			isa = XCRemoteSwiftPackageReference;
			repositoryURL = "https://github.com/swhitty/FlyingFox.git";
			requirement = {
				kind = upToNextMajorVersion;
				minimumVersion = 0.20.0;
			};
		};
		487C49EA2EF704FD0088FE93 /* XCRemoteSwiftPackageReference "ProgressHUD" */ = {
			isa = XCRemoteSwiftPackageReference;
			repositoryURL = "https://github.com/Yosorable/ProgressHUD.git";
			requirement = {
				branch = master;
				kind = branch;
			};
		};
		487E38912A8FBA47003464D7 /* XCRemoteSwiftPackageReference "Kingfisher" */ = {
			isa = XCRemoteSwiftPackageReference;
			repositoryURL = "https://github.com/onevcat/Kingfisher.git";
			requirement = {
				kind = upToNextMajorVersion;
				minimumVersion = 7.0.0;
			};
		};
		48CE69212D90EAE80072AF47 /* XCRemoteSwiftPackageReference "ZIPFoundation" */ = {
			isa = XCRemoteSwiftPackageReference;
			repositoryURL = "https://github.com/weichsel/ZIPFoundation";
			requirement = {
				kind = upToNextMajorVersion;
				minimumVersion = 0.9.19;
			};
		};
		48EEFDD22F5A64F900F0C6C6 /* XCRemoteSwiftPackageReference "treesitterlanguages" */ = {
			isa = XCRemoteSwiftPackageReference;
			repositoryURL = "https://github.com/simonbs/treesitterlanguages";
			requirement = {
				kind = upToNextMajorVersion;
				minimumVersion = 0.1.10;
			};
		};
/* End XCRemoteSwiftPackageReference section */

/* Begin XCSwiftPackageProductDependency section */
		2B1B32C32A61358B00DA573F /* Alamofire */ = {
			isa = XCSwiftPackageProductDependency;
			package = 2B1B32C22A61358B00DA573F /* XCRemoteSwiftPackageReference "Alamofire" */;
			productName = Alamofire;
		};
		2B1B32D32A61783400DA573F /* Defaults */ = {
			isa = XCSwiftPackageProductDependency;
			package = 2B1B32D22A61783400DA573F /* XCRemoteSwiftPackageReference "Defaults" */;
			productName = Defaults;
		};
		2BC331B32A62D47700441447 /* SwiftLMDB */ = {
			isa = XCSwiftPackageProductDependency;
			package = 2BC331B22A62D47700441447 /* XCRemoteSwiftPackageReference "SwiftLMDB" */;
			productName = SwiftLMDB;
		};
		2BD9B1A92A5BD4D300036AFD /* Runestone */ = {
			isa = XCSwiftPackageProductDependency;
			package = 2BD9B1A82A5BD4D300036AFD /* XCRemoteSwiftPackageReference "Runestone" */;
			productName = Runestone;
		};
		2BD9B1D52A5C09C700036AFD /* KeyboardToolbar */ = {
			isa = XCSwiftPackageProductDependency;
			package = 2BD9B1D42A5C09C700036AFD /* XCRemoteSwiftPackageReference "KeyboardToolbar" */;
			productName = KeyboardToolbar;
		};
		2BE125CC2E85259200B159E7 /* PanModal */ = {
			isa = XCSwiftPackageProductDependency;
			package = 2BE125CB2E85259200B159E7 /* XCRemoteSwiftPackageReference "PanModal" */;
			productName = PanModal;
		};
		4800EA082CF1C93300F49842 /* FlyingFox */ = {
			isa = XCSwiftPackageProductDependency;
			package = 4800EA072CF1C93300F49842 /* XCRemoteSwiftPackageReference "FlyingFox" */;
			productName = FlyingFox;
		};
		4800EA0A2CF1C93300F49842 /* FlyingSocks */ = {
			isa = XCSwiftPackageProductDependency;
			package = 4800EA072CF1C93300F49842 /* XCRemoteSwiftPackageReference "FlyingFox" */;
			productName = FlyingSocks;
		};
		484970BD2F5D6BDA004AD67B /* TreeSitterSwiftRunestone */ = {
			isa = XCSwiftPackageProductDependency;
			package = 48EEFDD22F5A64F900F0C6C6 /* XCRemoteSwiftPackageReference "treesitterlanguages" */;
			productName = TreeSitterSwiftRunestone;
		};
		484970BF2F5D6BE7004AD67B /* TreeSitterCRunestone */ = {
			isa = XCSwiftPackageProductDependency;
			package = 48EEFDD22F5A64F900F0C6C6 /* XCRemoteSwiftPackageReference "treesitterlanguages" */;
			productName = TreeSitterCRunestone;
		};
		484970C12F5D6BEE004AD67B /* TreeSitterCPPRunestone */ = {
			isa = XCSwiftPackageProductDependency;
			package = 48EEFDD22F5A64F900F0C6C6 /* XCRemoteSwiftPackageReference "treesitterlanguages" */;
			productName = TreeSitterCPPRunestone;
		};
		484970C32F5D6CE1004AD67B /* TreeSitterBashRunestone */ = {
			isa = XCSwiftPackageProductDependency;
			package = 48EEFDD22F5A64F900F0C6C6 /* XCRemoteSwiftPackageReference "treesitterlanguages" */;
			productName = TreeSitterBashRunestone;
		};
		484970C52F5D6CF3004AD67B /* TreeSitterJSON5Runestone */ = {
			isa = XCSwiftPackageProductDependency;
			package = 48EEFDD22F5A64F900F0C6C6 /* XCRemoteSwiftPackageReference "treesitterlanguages" */;
			productName = TreeSitterJSON5Runestone;
		};
		484970C72F5D6CFB004AD67B /* TreeSitterTOMLRunestone */ = {
			isa = XCSwiftPackageProductDependency;
			package = 48EEFDD22F5A64F900F0C6C6 /* XCRemoteSwiftPackageReference "treesitterlanguages" */;
			productName = TreeSitterTOMLRunestone;
		};
		484970C92F5D6D02004AD67B /* TreeSitterSQLRunestone */ = {
			isa = XCSwiftPackageProductDependency;
			package = 48EEFDD22F5A64F900F0C6C6 /* XCRemoteSwiftPackageReference "treesitterlanguages" */;
			productName = TreeSitterSQLRunestone;
		};
		484970CB2F5D6D07004AD67B /* TreeSitterRustRunestone */ = {
			isa = XCSwiftPackageProductDependency;
			package = 48EEFDD22F5A64F900F0C6C6 /* XCRemoteSwiftPackageReference "treesitterlanguages" */;
			productName = TreeSitterRustRunestone;
		};
		484970CD2F5D6D15004AD67B /* TreeSitterJavaRunestone */ = {
			isa = XCSwiftPackageProductDependency;
			package = 48EEFDD22F5A64F900F0C6C6 /* XCRemoteSwiftPackageReference "treesitterlanguages" */;
			productName = TreeSitterJavaRunestone;
		};
		484970CF2F5D6D1B004AD67B /* TreeSitterGoRunestone */ = {
			isa = XCSwiftPackageProductDependency;
			package = 48EEFDD22F5A64F900F0C6C6 /* XCRemoteSwiftPackageReference "treesitterlanguages" */;
			productName = TreeSitterGoRunestone;
		};
		484970D12F5D6D22004AD67B /* TreeSitterPHPRunestone */ = {
			isa = XCSwiftPackageProductDependency;
			package = 48EEFDD22F5A64F900F0C6C6 /* XCRemoteSwiftPackageReference "treesitterlanguages" */;
			productName = TreeSitterPHPRunestone;
		};
		484970D32F5D6D28004AD67B /* TreeSitterLuaRunestone */ = {
			isa = XCSwiftPackageProductDependency;
			package = 48EEFDD22F5A64F900F0C6C6 /* XCRemoteSwiftPackageReference "treesitterlanguages" */;
			productName = TreeSitterLuaRunestone;
		};
		484970D52F5D6D31004AD67B /* TreeSitterSCSSRunestone */ = {
			isa = XCSwiftPackageProductDependency;
			package = 48EEFDD22F5A64F900F0C6C6 /* XCRemoteSwiftPackageReference "treesitterlanguages" */;
			productName = TreeSitterSCSSRunestone;
		};
		484970D72F5D6D38004AD67B /* TreeSitterTSXRunestone */ = {
			isa = XCSwiftPackageProductDependency;
			package = 48EEFDD22F5A64F900F0C6C6 /* XCRemoteSwiftPackageReference "treesitterlanguages" */;
			productName = TreeSitterTSXRunestone;
		};
		484970D92F5D6E62004AD67B /* TreeSitterRubyRunestone */ = {
			isa = XCSwiftPackageProductDependency;
			package = 48EEFDD22F5A64F900F0C6C6 /* XCRemoteSwiftPackageReference "treesitterlanguages" */;
			productName = TreeSitterRubyRunestone;
		};
		487C49EB2EF704FD0088FE93 /* ProgressHUD */ = {
			isa = XCSwiftPackageProductDependency;
			package = 487C49EA2EF704FD0088FE93 /* XCRemoteSwiftPackageReference "ProgressHUD" */;
			productName = ProgressHUD;
		};
		487E38922A8FBA48003464D7 /* Kingfisher */ = {
			isa = XCSwiftPackageProductDependency;
			package = 487E38912A8FBA47003464D7 /* XCRemoteSwiftPackageReference "Kingfisher" */;
			productName = Kingfisher;
		};
		48CE69222D90EAE80072AF47 /* ZIPFoundation */ = {
			isa = XCSwiftPackageProductDependency;
			package = 48CE69212D90EAE80072AF47 /* XCRemoteSwiftPackageReference "ZIPFoundation" */;
			productName = ZIPFoundation;
		};
		48EEFDD32F5A650700F0C6C6 /* TreeSitterCommentRunestone */ = {
			isa = XCSwiftPackageProductDependency;
			package = 48EEFDD22F5A64F900F0C6C6 /* XCRemoteSwiftPackageReference "treesitterlanguages" */;
			productName = TreeSitterCommentRunestone;
		};
		48EEFDD52F5A651200F0C6C6 /* TreeSitterCSSRunestone */ = {
			isa = XCSwiftPackageProductDependency;
			package = 48EEFDD22F5A64F900F0C6C6 /* XCRemoteSwiftPackageReference "treesitterlanguages" */;
			productName = TreeSitterCSSRunestone;
		};
		48EEFDD72F5A653000F0C6C6 /* TreeSitterHTMLRunestone */ = {
			isa = XCSwiftPackageProductDependency;
			package = 48EEFDD22F5A64F900F0C6C6 /* XCRemoteSwiftPackageReference "treesitterlanguages" */;
			productName = TreeSitterHTMLRunestone;
		};
		48EEFDD92F5A653800F0C6C6 /* TreeSitterJavaScriptRunestone */ = {
			isa = XCSwiftPackageProductDependency;
			package = 48EEFDD22F5A64F900F0C6C6 /* XCRemoteSwiftPackageReference "treesitterlanguages" */;
			productName = TreeSitterJavaScriptRunestone;
		};
		48EEFDDB2F5A654100F0C6C6 /* TreeSitterJSDocRunestone */ = {
			isa = XCSwiftPackageProductDependency;
			package = 48EEFDD22F5A64F900F0C6C6 /* XCRemoteSwiftPackageReference "treesitterlanguages" */;
			productName = TreeSitterJSDocRunestone;
		};
		48EEFDDD2F5A654F00F0C6C6 /* TreeSitterJSONRunestone */ = {
			isa = XCSwiftPackageProductDependency;
			package = 48EEFDD22F5A64F900F0C6C6 /* XCRemoteSwiftPackageReference "treesitterlanguages" */;
			productName = TreeSitterJSONRunestone;
		};
		48EEFDDF2F5A656E00F0C6C6 /* TreeSitterMarkdownRunestone */ = {
			isa = XCSwiftPackageProductDependency;
			package = 48EEFDD22F5A64F900F0C6C6 /* XCRemoteSwiftPackageReference "treesitterlanguages" */;
			productName = TreeSitterMarkdownRunestone;
		};
		48EEFDE12F5A657700F0C6C6 /* TreeSitterMarkdownInlineRunestone */ = {
			isa = XCSwiftPackageProductDependency;
			package = 48EEFDD22F5A64F900F0C6C6 /* XCRemoteSwiftPackageReference "treesitterlanguages" */;
			productName = TreeSitterMarkdownInlineRunestone;
		};
		48EEFDE32F5A658000F0C6C6 /* TreeSitterPythonRunestone */ = {
			isa = XCSwiftPackageProductDependency;
			package = 48EEFDD22F5A64F900F0C6C6 /* XCRemoteSwiftPackageReference "treesitterlanguages" */;
			productName = TreeSitterPythonRunestone;
		};
		48EEFDE52F5A658600F0C6C6 /* TreeSitterRegexRunestone */ = {
			isa = XCSwiftPackageProductDependency;
			package = 48EEFDD22F5A64F900F0C6C6 /* XCRemoteSwiftPackageReference "treesitterlanguages" */;
			productName = TreeSitterRegexRunestone;
		};
		48EEFDE92F5A659300F0C6C6 /* TreeSitterYAMLRunestone */ = {
			isa = XCSwiftPackageProductDependency;
			package = 48EEFDD22F5A64F900F0C6C6 /* XCRemoteSwiftPackageReference "treesitterlanguages" */;
			productName = TreeSitterYAMLRunestone;
		};
		48EEFDEB2F5A937700F0C6C6 /* TreeSitterTypeScriptRunestone */ = {
			isa = XCSwiftPackageProductDependency;
			package = 48EEFDD22F5A64F900F0C6C6 /* XCRemoteSwiftPackageReference "treesitterlanguages" */;
			productName = TreeSitterTypeScriptRunestone;
		};
/* End XCSwiftPackageProductDependency section */
	};
	rootObject = 48DF6B91288D32C800D523C1 /* Project object */;
}
