{
  "originHash" : "b65c796b020d318250748b3fc333ccc619c6f9a1ed75833581ea7f59a74f2eca",
  "pins" : [
    {
      "identity" : "alamofire",
      "kind" : "remoteSourceControl",
      "location" : "https://github.com/Alamofire/Alamofire.git",
      "state" : {
        "revision" : "7595cbcf59809f9977c5f6378500de2ad73b7ddb",
        "version" : "5.12.0"
      }
    },
    {
      "identity" : "clmdb",
      "kind" : "remoteSourceControl",
      "location" : "https://github.com/agisboye/CLMDB.git",
      "state" : {
        "revision" : "64bb8d9ee1e45f4f7b5807ea0791f3cac52f2078",
        "version" : "0.9.33"
      }
    },
    {
      "identity" : "flyingfox",
      "kind" : "remoteSourceControl",
      "location" : "https://github.com/swhitty/FlyingFox.git",
      "state" : {
        "revision" : "de38230104cf63ef4843cb569ba11c13f8165685",
        "version" : "0.26.2"
      }
    },
    {
      "identity" : "kingfisher",
      "kind" : "remoteSourceControl",
      "location" : "https://github.com/onevcat/Kingfisher.git",
      "state" : {
        "revision" : "2ef543ee21d63734e1c004ad6c870255e8716c50",
        "version" : "7.12.0"
      }
    },
    {
      "identity" : "panmodal",
      "kind" : "remoteSourceControl",
      "location" : "https://github.com/Yosorable/PanModal",
      "state" : {
        "branch" : "master",
        "revision" : "b7cb68260ebf5b701ebea103befd430bfed816ba"
      }
    },
    {
      "identity" : "progresshud",
      "kind" : "remoteSourceControl",
      "location" : "https://github.com/Yosorable/ProgressHUD.git",
      "state" : {
        "branch" : "master",
        "revision" : "7fbf7e7a723c48f20729f8708a88b9f577695e74"
      }
    },
    {
      "identity" : "swiftlmdb",
      "kind" : "remoteSourceControl",
      "location" : "https://github.com/agisboye/SwiftLMDB",
      "state" : {
        "revision" : "5b6b28edd9f872e3f4529786d830eff4a16c1e32",
        "version" : "2.2.1"
      }
    },
    {
      "identity" : "zipfoundation",
      "kind" : "remoteSourceControl",
      "location" : "https://github.com/weichsel/ZIPFoundation",
      "state" : {
        "revision" : "22787ffb59de99e5dc1fbfe80b19c97a904ad48d",
        "version" : "0.9.20"
      }
    }
  ],
  "version" : 3
}
